// !$*UTF8*$!
{
	archiveVersion = 1;
	classes = {
	};
	objectVersion = 46;
	objects = {

/* Begin PBXBuildFile section */
		340A95D3AD0F11889B3F6A89 /* libPods-ArcToDoListTests.a in Frameworks */ = {isa = PBXBuildFile; fileRef = 85C6DA4A79907469DE6E99B8 /* libPods-ArcToDoListTests.a */; };
		99292976F3D29990E0EA3B71 /* libPods-ArcToDoList.a in Frameworks */ = {isa = PBXBuildFile; fileRef = 129BB54BBC87DF0E9B327C4C /* libPods-ArcToDoList.a */; };
		CE35A6AD1BE73EFE00757A01 /* CategoryViewController.m in Sources */ = {isa = PBXBuildFile; fileRef = CE35A6AC1BE73EFE00757A01 /* CategoryViewController.m */; };
		CE35A6B01BE7422200757A01 /* CategoryCell.m in Sources */ = {isa = PBXBuildFile; fileRef = CE35A6AF1BE7422200757A01 /* CategoryCell.m */; };
		CE35A6B21BE7423600757A01 /* CategoryCell.xib in Resources */ = {isa = PBXBuildFile; fileRef = CE35A6B11BE7423600757A01 /* CategoryCell.xib */; };
		CE35A6B51BE743ED00757A01 /* CategoryItem.m in Sources */ = {isa = PBXBuildFile; fileRef = CE35A6B41BE743ED00757A01 /* CategoryItem.m */; };
		CE74303E1D18D924002107D9 /* ServerInterface.m in Sources */ = {isa = PBXBuildFile; fileRef = CE74303D1D18D924002107D9 /* ServerInterface.m */; };
		CE7D54571BB27B6F00D5DEA6 /* MainViewController.m in Sources */ = {isa = PBXBuildFile; fileRef = CE7D54561BB27B6F00D5DEA6 /* MainViewController.m */; };
		CE8A7AC71D3F1DEE0070CFB9 /* LPNManager.m in Sources */ = {isa = PBXBuildFile; fileRef = CE8A7AC61D3F1DEE0070CFB9 /* LPNManager.m */; };
		CE8A7ACB1D3F2A6A0070CFB9 /* NotificationSettingViewController.m in Sources */ = {isa = PBXBuildFile; fileRef = CE8A7ACA1D3F2A6A0070CFB9 /* NotificationSettingViewController.m */; };
		CE9DA0421BE9A94C005742D8 /* GenericCell.m in Sources */ = {isa = PBXBuildFile; fileRef = CE9DA0411BE9A94C005742D8 /* GenericCell.m */; };
		CE9DA04B1BE9B4BF005742D8 /* SubTaskCell.m in Sources */ = {isa = PBXBuildFile; fileRef = CE9DA04A1BE9B4BF005742D8 /* SubTaskCell.m */; };
		CE9DA04D1BE9B4D1005742D8 /* SubTaskCell.xib in Resources */ = {isa = PBXBuildFile; fileRef = CE9DA04C1BE9B4D1005742D8 /* SubTaskCell.xib */; };
		CEBB59E01BB3A23D00FBBE6B /* ToDoListModel.xcdatamodeld in Sources */ = {isa = PBXBuildFile; fileRef = CEBB59DE1BB3A23D00FBBE6B /* ToDoListModel.xcdatamodeld */; };
		CEC54E271D0EA02F00E9AF13 /* AccountManager.m in Sources */ = {isa = PBXBuildFile; fileRef = CEC54E261D0EA02F00E9AF13 /* AccountManager.m */; };
		CEC942341BB0F78D0085E6D1 /* main.m in Sources */ = {isa = PBXBuildFile; fileRef = CEC942331BB0F78D0085E6D1 /* main.m */; };
		CEC942371BB0F78D0085E6D1 /* AppDelegate.m in Sources */ = {isa = PBXBuildFile; fileRef = CEC942361BB0F78D0085E6D1 /* AppDelegate.m */; };
		CEC9423D1BB0F78D0085E6D1 /* Main.storyboard in Resources */ = {isa = PBXBuildFile; fileRef = CEC9423B1BB0F78D0085E6D1 /* Main.storyboard */; };
		CEC9423F1BB0F78D0085E6D1 /* Images.xcassets in Resources */ = {isa = PBXBuildFile; fileRef = CEC9423E1BB0F78D0085E6D1 /* Images.xcassets */; };
		CEC942421BB0F78D0085E6D1 /* LaunchScreen.xib in Resources */ = {isa = PBXBuildFile; fileRef = CEC942401BB0F78D0085E6D1 /* LaunchScreen.xib */; };
		CEC9424E1BB0F78D0085E6D1 /* ArcToDoListTests.m in Sources */ = {isa = PBXBuildFile; fileRef = CEC9424D1BB0F78D0085E6D1 /* ArcToDoListTests.m */; };
		CEC9425B1BB0F8B80085E6D1 /* ExtendNSLog.m in Sources */ = {isa = PBXBuildFile; fileRef = CEC9425A1BB0F8B80085E6D1 /* ExtendNSLog.m */; };
		CEC9425E1BB0F8C60085E6D1 /* SigninViewController.m in Sources */ = {isa = PBXBuildFile; fileRef = CEC9425D1BB0F8C60085E6D1 /* SigninViewController.m */; };
		CEC942601BB0FFDC0085E6D1 /* ReadMe in Resources */ = {isa = PBXBuildFile; fileRef = CEC9425F1BB0FFDC0085E6D1 /* ReadMe */; };
		CED4777B1BEC77A400669902 /* GestureComponent.m in Sources */ = {isa = PBXBuildFile; fileRef = CED477501BEC77A400669902 /* GestureComponent.m */; };
		CED4777C1BEC77A400669902 /* DoubleTapEdit.m in Sources */ = {isa = PBXBuildFile; fileRef = CED477541BEC77A400669902 /* DoubleTapEdit.m */; };
		CED4777D1BEC77A400669902 /* DTECellHolder.m in Sources */ = {isa = PBXBuildFile; fileRef = CED477561BEC77A400669902 /* DTECellHolder.m */; };
		CED4777E1BEC77A400669902 /* DTECellHolder.xib in Resources */ = {isa = PBXBuildFile; fileRef = CED477571BEC77A400669902 /* DTECellHolder.xib */; };
		CED4777F1BEC77A400669902 /* DoubleTap.m in Sources */ = {isa = PBXBuildFile; fileRef = CED4775A1BEC77A400669902 /* DoubleTap.m */; };
		CED477801BEC77A400669902 /* LongPress.m in Sources */ = {isa = PBXBuildFile; fileRef = CED4775D1BEC77A400669902 /* LongPress.m */; };
		CED477811BEC77A400669902 /* LongPressMove.m in Sources */ = {isa = PBXBuildFile; fileRef = CED477601BEC77A400669902 /* LongPressMove.m */; };
		CED477821BEC77A400669902 /* PanLeftRight.m in Sources */ = {isa = PBXBuildFile; fileRef = CED477631BEC77A400669902 /* PanLeftRight.m */; };
		CED477831BEC77A400669902 /* PDANCellHolder.m in Sources */ = {isa = PBXBuildFile; fileRef = CED477661BEC77A400669902 /* PDANCellHolder.m */; };
		CED477841BEC77A400669902 /* PDANCellHolder.xib in Resources */ = {isa = PBXBuildFile; fileRef = CED477671BEC77A400669902 /* PDANCellHolder.xib */; };
		CED477851BEC77A400669902 /* PullDownAddNew.m in Sources */ = {isa = PBXBuildFile; fileRef = CED477691BEC77A400669902 /* PullDownAddNew.m */; };
		CED477861BEC77A400669902 /* SingleTap.m in Sources */ = {isa = PBXBuildFile; fileRef = CED4776C1BEC77A400669902 /* SingleTap.m */; };
		CED477871BEC77A400669902 /* ParentTableViewCell.m in Sources */ = {isa = PBXBuildFile; fileRef = CED4776F1BEC77A400669902 /* ParentTableViewCell.m */; };
		CED477881BEC77A400669902 /* ParentTableViewCell.xib in Resources */ = {isa = PBXBuildFile; fileRef = CED477701BEC77A400669902 /* ParentTableViewCell.xib */; };
		CED477891BEC77A400669902 /* ParentTableView.m in Sources */ = {isa = PBXBuildFile; fileRef = CED477721BEC77A400669902 /* ParentTableView.m */; };
		CED4778A1BEC77A400669902 /* ChildTableViewCell.m in Sources */ = {isa = PBXBuildFile; fileRef = CED477761BEC77A400669902 /* ChildTableViewCell.m */; };
		CED4778B1BEC77A400669902 /* ChildTableViewCell.xib in Resources */ = {isa = PBXBuildFile; fileRef = CED477771BEC77A400669902 /* ChildTableViewCell.xib */; };
		CED4778C1BEC77A400669902 /* SubTableViewCell.m in Sources */ = {isa = PBXBuildFile; fileRef = CED477791BEC77A400669902 /* SubTableViewCell.m */; };
		CED4778D1BEC77A400669902 /* SubTableViewCell.xib in Resources */ = {isa = PBXBuildFile; fileRef = CED4777A1BEC77A400669902 /* SubTableViewCell.xib */; };
		CED477A31BEC7A9500669902 /* FPPopoverController.m in Sources */ = {isa = PBXBuildFile; fileRef = CED4779E1BEC7A9500669902 /* FPPopoverController.m */; };
		CED477A41BEC7A9500669902 /* FPPopoverView.m in Sources */ = {isa = PBXBuildFile; fileRef = CED477A01BEC7A9500669902 /* FPPopoverView.m */; };
		CED477A51BEC7A9500669902 /* FPTouchView.m in Sources */ = {isa = PBXBuildFile; fileRef = CED477A21BEC7A9500669902 /* FPTouchView.m */; };
		CED477A91BEC7B8600669902 /* MenuViewController.m in Sources */ = {isa = PBXBuildFile; fileRef = CED477A81BEC7B8600669902 /* MenuViewController.m */; };
		CED477AC1BEC7F4A00669902 /* MenuItem.m in Sources */ = {isa = PBXBuildFile; fileRef = CED477AB1BEC7F4A00669902 /* MenuItem.m */; };
		CED477AF1BEC822F00669902 /* MenuItemCell.m in Sources */ = {isa = PBXBuildFile; fileRef = CED477AE1BEC822F00669902 /* MenuItemCell.m */; };
		CEDB280F1D38877900886AC8 /* DateHelper.m in Sources */ = {isa = PBXBuildFile; fileRef = CEDB280E1D38877900886AC8 /* DateHelper.m */; };
		CEE246771D0FDFE20057A101 /* GoogleService-Info.plist in Resources */ = {isa = PBXBuildFile; fileRef = CEE246761D0FDFE20057A101 /* GoogleService-Info.plist */; };
		CEF55AED1BE864290061FD50 /* QuartzCore.framework in Frameworks */ = {isa = PBXBuildFile; fileRef = CEF55AEC1BE864290061FD50 /* QuartzCore.framework */; };
		CEF55B321BE896050061FD50 /* TaskViewController.m in Sources */ = {isa = PBXBuildFile; fileRef = CEF55B311BE896050061FD50 /* TaskViewController.m */; };
		CEF55B3A1BE896B00061FD50 /* MZDay.m in Sources */ = {isa = PBXBuildFile; fileRef = CEF55B351BE896B00061FD50 /* MZDay.m */; };
		CEF55B3B1BE896B00061FD50 /* MZDayPicker.m in Sources */ = {isa = PBXBuildFile; fileRef = CEF55B371BE896B00061FD50 /* MZDayPicker.m */; };
		CEF55B3C1BE896B00061FD50 /* MZDayPickerCell.m in Sources */ = {isa = PBXBuildFile; fileRef = CEF55B391BE896B00061FD50 /* MZDayPickerCell.m */; };
		CEF55B3F1BE89EFE0061FD50 /* TaskItem.m in Sources */ = {isa = PBXBuildFile; fileRef = CEF55B3E1BE89EFE0061FD50 /* TaskItem.m */; };
		CEF55B421BE89F2A0061FD50 /* TaskCell.m in Sources */ = {isa = PBXBuildFile; fileRef = CEF55B411BE89F2A0061FD50 /* TaskCell.m */; };
		CEF55B441BE89F770061FD50 /* TaskCell.xib in Resources */ = {isa = PBXBuildFile; fileRef = CEF55B431BE89F770061FD50 /* TaskCell.xib */; };
		CEF55B481BE8BA2A0061FD50 /* Helper.m in Sources */ = {isa = PBXBuildFile; fileRef = CEF55B471BE8BA2A0061FD50 /* Helper.m */; };
/* End PBXBuildFile section */

/* Begin PBXContainerItemProxy section */
		CEC942481BB0F78D0085E6D1 /* PBXContainerItemProxy */ = {
			isa = PBXContainerItemProxy;
			containerPortal = CEC942261BB0F78D0085E6D1 /* Project object */;
			proxyType = 1;
			remoteGlobalIDString = CEC9422D1BB0F78D0085E6D1;
			remoteInfo = ArcToDoList;
		};
/* End PBXContainerItemProxy section */

/* Begin PBXFileReference section */
		09773287E4D46BFB959DE96A /* Pods-ArcToDoList.debug.xcconfig */ = {isa = PBXFileReference; includeInIndex = 1; lastKnownFileType = text.xcconfig; name = "Pods-ArcToDoList.debug.xcconfig"; path = "Pods/Target Support Files/Pods-ArcToDoList/Pods-ArcToDoList.debug.xcconfig"; sourceTree = "<group>"; };
		129BB54BBC87DF0E9B327C4C /* libPods-ArcToDoList.a */ = {isa = PBXFileReference; explicitFileType = archive.ar; includeInIndex = 0; path = "libPods-ArcToDoList.a"; sourceTree = BUILT_PRODUCTS_DIR; };
		2A8CB5CE0A90963B4E464EB7 /* Pods-ArcToDoListTests.release.xcconfig */ = {isa = PBXFileReference; includeInIndex = 1; lastKnownFileType = text.xcconfig; name = "Pods-ArcToDoListTests.release.xcconfig"; path = "Pods/Target Support Files/Pods-ArcToDoListTests/Pods-ArcToDoListTests.release.xcconfig"; sourceTree = "<group>"; };
		85C6DA4A79907469DE6E99B8 /* libPods-ArcToDoListTests.a */ = {isa = PBXFileReference; explicitFileType = archive.ar; includeInIndex = 0; path = "libPods-ArcToDoListTests.a"; sourceTree = BUILT_PRODUCTS_DIR; };
		8BB3C90A1980D34927EC2B94 /* Pods-ArcToDoList.release.xcconfig */ = {isa = PBXFileReference; includeInIndex = 1; lastKnownFileType = text.xcconfig; name = "Pods-ArcToDoList.release.xcconfig"; path = "Pods/Target Support Files/Pods-ArcToDoList/Pods-ArcToDoList.release.xcconfig"; sourceTree = "<group>"; };
		CE35A6AB1BE73EFE00757A01 /* CategoryViewController.h */ = {isa = PBXFileReference; fileEncoding = 4; lastKnownFileType = sourcecode.c.h; path = CategoryViewController.h; sourceTree = "<group>"; };
		CE35A6AC1BE73EFE00757A01 /* CategoryViewController.m */ = {isa = PBXFileReference; fileEncoding = 4; lastKnownFileType = sourcecode.c.objc; path = CategoryViewController.m; sourceTree = "<group>"; };
		CE35A6AE1BE7422200757A01 /* CategoryCell.h */ = {isa = PBXFileReference; fileEncoding = 4; lastKnownFileType = sourcecode.c.h; path = CategoryCell.h; sourceTree = "<group>"; };
		CE35A6AF1BE7422200757A01 /* CategoryCell.m */ = {isa = PBXFileReference; fileEncoding = 4; lastKnownFileType = sourcecode.c.objc; path = CategoryCell.m; sourceTree = "<group>"; };
		CE35A6B11BE7423600757A01 /* CategoryCell.xib */ = {isa = PBXFileReference; fileEncoding = 4; lastKnownFileType = file.xib; path = CategoryCell.xib; sourceTree = "<group>"; };
		CE35A6B31BE743ED00757A01 /* CategoryItem.h */ = {isa = PBXFileReference; fileEncoding = 4; lastKnownFileType = sourcecode.c.h; path = CategoryItem.h; sourceTree = "<group>"; };
		CE35A6B41BE743ED00757A01 /* CategoryItem.m */ = {isa = PBXFileReference; fileEncoding = 4; lastKnownFileType = sourcecode.c.objc; path = CategoryItem.m; sourceTree = "<group>"; };
		CE74303C1D18D924002107D9 /* ServerInterface.h */ = {isa = PBXFileReference; fileEncoding = 4; lastKnownFileType = sourcecode.c.h; path = ServerInterface.h; sourceTree = "<group>"; };
		CE74303D1D18D924002107D9 /* ServerInterface.m */ = {isa = PBXFileReference; fileEncoding = 4; lastKnownFileType = sourcecode.c.objc; path = ServerInterface.m; sourceTree = "<group>"; };
		CE7D54551BB27B6F00D5DEA6 /* MainViewController.h */ = {isa = PBXFileReference; fileEncoding = 4; lastKnownFileType = sourcecode.c.h; path = MainViewController.h; sourceTree = "<group>"; };
		CE7D54561BB27B6F00D5DEA6 /* MainViewController.m */ = {isa = PBXFileReference; fileEncoding = 4; lastKnownFileType = sourcecode.c.objc; path = MainViewController.m; sourceTree = "<group>"; };
		CE8A7AC51D3F1DEE0070CFB9 /* LPNManager.h */ = {isa = PBXFileReference; fileEncoding = 4; lastKnownFileType = sourcecode.c.h; path = LPNManager.h; sourceTree = "<group>"; };
		CE8A7AC61D3F1DEE0070CFB9 /* LPNManager.m */ = {isa = PBXFileReference; fileEncoding = 4; lastKnownFileType = sourcecode.c.objc; path = LPNManager.m; sourceTree = "<group>"; };
		CE8A7AC91D3F2A6A0070CFB9 /* NotificationSettingViewController.h */ = {isa = PBXFileReference; fileEncoding = 4; lastKnownFileType = sourcecode.c.h; path = NotificationSettingViewController.h; sourceTree = "<group>"; };
		CE8A7ACA1D3F2A6A0070CFB9 /* NotificationSettingViewController.m */ = {isa = PBXFileReference; fileEncoding = 4; lastKnownFileType = sourcecode.c.objc; path = NotificationSettingViewController.m; sourceTree = "<group>"; };
		CE9DA0401BE9A94C005742D8 /* GenericCell.h */ = {isa = PBXFileReference; fileEncoding = 4; lastKnownFileType = sourcecode.c.h; path = GenericCell.h; sourceTree = "<group>"; };
		CE9DA0411BE9A94C005742D8 /* GenericCell.m */ = {isa = PBXFileReference; fileEncoding = 4; lastKnownFileType = sourcecode.c.objc; path = GenericCell.m; sourceTree = "<group>"; };
		CE9DA0491BE9B4BF005742D8 /* SubTaskCell.h */ = {isa = PBXFileReference; fileEncoding = 4; lastKnownFileType = sourcecode.c.h; path = SubTaskCell.h; sourceTree = "<group>"; };
		CE9DA04A1BE9B4BF005742D8 /* SubTaskCell.m */ = {isa = PBXFileReference; fileEncoding = 4; lastKnownFileType = sourcecode.c.objc; path = SubTaskCell.m; sourceTree = "<group>"; };
		CE9DA04C1BE9B4D1005742D8 /* SubTaskCell.xib */ = {isa = PBXFileReference; fileEncoding = 4; lastKnownFileType = file.xib; path = SubTaskCell.xib; sourceTree = "<group>"; };
		CEBB59DF1BB3A23D00FBBE6B /* ToDoListModel.xcdatamodel */ = {isa = PBXFileReference; lastKnownFileType = wrapper.xcdatamodel; path = ToDoListModel.xcdatamodel; sourceTree = "<group>"; };
		CEC54E251D0EA02F00E9AF13 /* AccountManager.h */ = {isa = PBXFileReference; fileEncoding = 4; lastKnownFileType = sourcecode.c.h; path = AccountManager.h; sourceTree = "<group>"; };
		CEC54E261D0EA02F00E9AF13 /* AccountManager.m */ = {isa = PBXFileReference; fileEncoding = 4; lastKnownFileType = sourcecode.c.objc; path = AccountManager.m; sourceTree = "<group>"; };
		CEC9422E1BB0F78D0085E6D1 /* ArcToDoList.app */ = {isa = PBXFileReference; explicitFileType = wrapper.application; includeInIndex = 0; path = ArcToDoList.app; sourceTree = BUILT_PRODUCTS_DIR; };
		CEC942321BB0F78D0085E6D1 /* Info.plist */ = {isa = PBXFileReference; lastKnownFileType = text.plist.xml; path = Info.plist; sourceTree = "<group>"; };
		CEC942331BB0F78D0085E6D1 /* main.m */ = {isa = PBXFileReference; lastKnownFileType = sourcecode.c.objc; path = main.m; sourceTree = "<group>"; };
		CEC942351BB0F78D0085E6D1 /* AppDelegate.h */ = {isa = PBXFileReference; lastKnownFileType = sourcecode.c.h; path = AppDelegate.h; sourceTree = "<group>"; };
		CEC942361BB0F78D0085E6D1 /* AppDelegate.m */ = {isa = PBXFileReference; lastKnownFileType = sourcecode.c.objc; path = AppDelegate.m; sourceTree = "<group>"; };
		CEC9423C1BB0F78D0085E6D1 /* Base */ = {isa = PBXFileReference; lastKnownFileType = file.storyboard; name = Base; path = Base.lproj/Main.storyboard; sourceTree = "<group>"; };
		CEC9423E1BB0F78D0085E6D1 /* Images.xcassets */ = {isa = PBXFileReference; lastKnownFileType = folder.assetcatalog; path = Images.xcassets; sourceTree = "<group>"; };
		CEC942411BB0F78D0085E6D1 /* Base */ = {isa = PBXFileReference; lastKnownFileType = file.xib; name = Base; path = Base.lproj/LaunchScreen.xib; sourceTree = "<group>"; };
		CEC942471BB0F78D0085E6D1 /* ArcToDoListTests.xctest */ = {isa = PBXFileReference; explicitFileType = wrapper.cfbundle; includeInIndex = 0; path = ArcToDoListTests.xctest; sourceTree = BUILT_PRODUCTS_DIR; };
		CEC9424C1BB0F78D0085E6D1 /* Info.plist */ = {isa = PBXFileReference; lastKnownFileType = text.plist.xml; path = Info.plist; sourceTree = "<group>"; };
		CEC9424D1BB0F78D0085E6D1 /* ArcToDoListTests.m */ = {isa = PBXFileReference; lastKnownFileType = sourcecode.c.objc; path = ArcToDoListTests.m; sourceTree = "<group>"; };
		CEC942571BB0F8AE0085E6D1 /* GooglePlus.h */ = {isa = PBXFileReference; lastKnownFileType = sourcecode.c.h; path = GooglePlus.h; sourceTree = "<group>"; };
		CEC942581BB0F8B80085E6D1 /* ToDoList-Prefix.pch */ = {isa = PBXFileReference; fileEncoding = 4; lastKnownFileType = sourcecode.c.h; path = "ToDoList-Prefix.pch"; sourceTree = "<group>"; };
		CEC942591BB0F8B80085E6D1 /* ExtendNSLog.h */ = {isa = PBXFileReference; fileEncoding = 4; lastKnownFileType = sourcecode.c.h; path = ExtendNSLog.h; sourceTree = "<group>"; };
		CEC9425A1BB0F8B80085E6D1 /* ExtendNSLog.m */ = {isa = PBXFileReference; fileEncoding = 4; lastKnownFileType = sourcecode.c.objc; path = ExtendNSLog.m; sourceTree = "<group>"; };
		CEC9425C1BB0F8C60085E6D1 /* SigninViewController.h */ = {isa = PBXFileReference; fileEncoding = 4; lastKnownFileType = sourcecode.c.h; path = SigninViewController.h; sourceTree = "<group>"; };
		CEC9425D1BB0F8C60085E6D1 /* SigninViewController.m */ = {isa = PBXFileReference; fileEncoding = 4; lastKnownFileType = sourcecode.c.objc; path = SigninViewController.m; sourceTree = "<group>"; };
		CEC9425F1BB0FFDC0085E6D1 /* ReadMe */ = {isa = PBXFileReference; fileEncoding = 4; lastKnownFileType = text; path = ReadMe; sourceTree = "<group>"; };
		CED4774F1BEC77A400669902 /* GestureComponent.h */ = {isa = PBXFileReference; fileEncoding = 4; lastKnownFileType = sourcecode.c.h; path = GestureComponent.h; sourceTree = "<group>"; };
		CED477501BEC77A400669902 /* GestureComponent.m */ = {isa = PBXFileReference; fileEncoding = 4; lastKnownFileType = sourcecode.c.objc; path = GestureComponent.m; sourceTree = "<group>"; };
		CED477531BEC77A400669902 /* DoubleTapEdit.h */ = {isa = PBXFileReference; fileEncoding = 4; lastKnownFileType = sourcecode.c.h; path = DoubleTapEdit.h; sourceTree = "<group>"; };
		CED477541BEC77A400669902 /* DoubleTapEdit.m */ = {isa = PBXFileReference; fileEncoding = 4; lastKnownFileType = sourcecode.c.objc; path = DoubleTapEdit.m; sourceTree = "<group>"; };
		CED477551BEC77A400669902 /* DTECellHolder.h */ = {isa = PBXFileReference; fileEncoding = 4; lastKnownFileType = sourcecode.c.h; path = DTECellHolder.h; sourceTree = "<group>"; };
		CED477561BEC77A400669902 /* DTECellHolder.m */ = {isa = PBXFileReference; fileEncoding = 4; lastKnownFileType = sourcecode.c.objc; path = DTECellHolder.m; sourceTree = "<group>"; };
		CED477571BEC77A400669902 /* DTECellHolder.xib */ = {isa = PBXFileReference; fileEncoding = 4; lastKnownFileType = file.xib; path = DTECellHolder.xib; sourceTree = "<group>"; };
		CED477591BEC77A400669902 /* DoubleTap.h */ = {isa = PBXFileReference; fileEncoding = 4; lastKnownFileType = sourcecode.c.h; path = DoubleTap.h; sourceTree = "<group>"; };
		CED4775A1BEC77A400669902 /* DoubleTap.m */ = {isa = PBXFileReference; fileEncoding = 4; lastKnownFileType = sourcecode.c.objc; path = DoubleTap.m; sourceTree = "<group>"; };
		CED4775C1BEC77A400669902 /* LongPress.h */ = {isa = PBXFileReference; fileEncoding = 4; lastKnownFileType = sourcecode.c.h; path = LongPress.h; sourceTree = "<group>"; };
		CED4775D1BEC77A400669902 /* LongPress.m */ = {isa = PBXFileReference; fileEncoding = 4; lastKnownFileType = sourcecode.c.objc; path = LongPress.m; sourceTree = "<group>"; };
		CED4775F1BEC77A400669902 /* LongPressMove.h */ = {isa = PBXFileReference; fileEncoding = 4; lastKnownFileType = sourcecode.c.h; path = LongPressMove.h; sourceTree = "<group>"; };
		CED477601BEC77A400669902 /* LongPressMove.m */ = {isa = PBXFileReference; fileEncoding = 4; lastKnownFileType = sourcecode.c.objc; path = LongPressMove.m; sourceTree = "<group>"; };
		CED477621BEC77A400669902 /* PanLeftRight.h */ = {isa = PBXFileReference; fileEncoding = 4; lastKnownFileType = sourcecode.c.h; path = PanLeftRight.h; sourceTree = "<group>"; };
		CED477631BEC77A400669902 /* PanLeftRight.m */ = {isa = PBXFileReference; fileEncoding = 4; lastKnownFileType = sourcecode.c.objc; path = PanLeftRight.m; sourceTree = "<group>"; };
		CED477651BEC77A400669902 /* PDANCellHolder.h */ = {isa = PBXFileReference; fileEncoding = 4; lastKnownFileType = sourcecode.c.h; path = PDANCellHolder.h; sourceTree = "<group>"; };
		CED477661BEC77A400669902 /* PDANCellHolder.m */ = {isa = PBXFileReference; fileEncoding = 4; lastKnownFileType = sourcecode.c.objc; path = PDANCellHolder.m; sourceTree = "<group>"; };
		CED477671BEC77A400669902 /* PDANCellHolder.xib */ = {isa = PBXFileReference; fileEncoding = 4; lastKnownFileType = file.xib; path = PDANCellHolder.xib; sourceTree = "<group>"; };
		CED477681BEC77A400669902 /* PullDownAddNew.h */ = {isa = PBXFileReference; fileEncoding = 4; lastKnownFileType = sourcecode.c.h; path = PullDownAddNew.h; sourceTree = "<group>"; };
		CED477691BEC77A400669902 /* PullDownAddNew.m */ = {isa = PBXFileReference; fileEncoding = 4; lastKnownFileType = sourcecode.c.objc; path = PullDownAddNew.m; sourceTree = "<group>"; };
		CED4776B1BEC77A400669902 /* SingleTap.h */ = {isa = PBXFileReference; fileEncoding = 4; lastKnownFileType = sourcecode.c.h; path = SingleTap.h; sourceTree = "<group>"; };
		CED4776C1BEC77A400669902 /* SingleTap.m */ = {isa = PBXFileReference; fileEncoding = 4; lastKnownFileType = sourcecode.c.objc; path = SingleTap.m; sourceTree = "<group>"; };
		CED4776E1BEC77A400669902 /* ParentTableViewCell.h */ = {isa = PBXFileReference; fileEncoding = 4; lastKnownFileType = sourcecode.c.h; path = ParentTableViewCell.h; sourceTree = "<group>"; };
		CED4776F1BEC77A400669902 /* ParentTableViewCell.m */ = {isa = PBXFileReference; fileEncoding = 4; lastKnownFileType = sourcecode.c.objc; path = ParentTableViewCell.m; sourceTree = "<group>"; };
		CED477701BEC77A400669902 /* ParentTableViewCell.xib */ = {isa = PBXFileReference; fileEncoding = 4; lastKnownFileType = file.xib; path = ParentTableViewCell.xib; sourceTree = "<group>"; };
		CED477711BEC77A400669902 /* ParentTableView.h */ = {isa = PBXFileReference; fileEncoding = 4; lastKnownFileType = sourcecode.c.h; path = ParentTableView.h; sourceTree = "<group>"; };
		CED477721BEC77A400669902 /* ParentTableView.m */ = {isa = PBXFileReference; fileEncoding = 4; lastKnownFileType = sourcecode.c.objc; path = ParentTableView.m; sourceTree = "<group>"; };
		CED477751BEC77A400669902 /* ChildTableViewCell.h */ = {isa = PBXFileReference; fileEncoding = 4; lastKnownFileType = sourcecode.c.h; path = ChildTableViewCell.h; sourceTree = "<group>"; };
		CED477761BEC77A400669902 /* ChildTableViewCell.m */ = {isa = PBXFileReference; fileEncoding = 4; lastKnownFileType = sourcecode.c.objc; path = ChildTableViewCell.m; sourceTree = "<group>"; };
		CED477771BEC77A400669902 /* ChildTableViewCell.xib */ = {isa = PBXFileReference; fileEncoding = 4; lastKnownFileType = file.xib; path = ChildTableViewCell.xib; sourceTree = "<group>"; };
		CED477781BEC77A400669902 /* SubTableViewCell.h */ = {isa = PBXFileReference; fileEncoding = 4; lastKnownFileType = sourcecode.c.h; path = SubTableViewCell.h; sourceTree = "<group>"; };
		CED477791BEC77A400669902 /* SubTableViewCell.m */ = {isa = PBXFileReference; fileEncoding = 4; lastKnownFileType = sourcecode.c.objc; path = SubTableViewCell.m; sourceTree = "<group>"; };
		CED4777A1BEC77A400669902 /* SubTableViewCell.xib */ = {isa = PBXFileReference; fileEncoding = 4; lastKnownFileType = file.xib; path = SubTableViewCell.xib; sourceTree = "<group>"; };
		CED4779C1BEC7A9500669902 /* ARCMacros.h */ = {isa = PBXFileReference; fileEncoding = 4; lastKnownFileType = sourcecode.c.h; path = ARCMacros.h; sourceTree = "<group>"; };
		CED4779D1BEC7A9500669902 /* FPPopoverController.h */ = {isa = PBXFileReference; fileEncoding = 4; lastKnownFileType = sourcecode.c.h; path = FPPopoverController.h; sourceTree = "<group>"; };
		CED4779E1BEC7A9500669902 /* FPPopoverController.m */ = {isa = PBXFileReference; fileEncoding = 4; lastKnownFileType = sourcecode.c.objc; path = FPPopoverController.m; sourceTree = "<group>"; };
		CED4779F1BEC7A9500669902 /* FPPopoverView.h */ = {isa = PBXFileReference; fileEncoding = 4; lastKnownFileType = sourcecode.c.h; path = FPPopoverView.h; sourceTree = "<group>"; };
		CED477A01BEC7A9500669902 /* FPPopoverView.m */ = {isa = PBXFileReference; fileEncoding = 4; lastKnownFileType = sourcecode.c.objc; path = FPPopoverView.m; sourceTree = "<group>"; };
		CED477A11BEC7A9500669902 /* FPTouchView.h */ = {isa = PBXFileReference; fileEncoding = 4; lastKnownFileType = sourcecode.c.h; path = FPTouchView.h; sourceTree = "<group>"; };
		CED477A21BEC7A9500669902 /* FPTouchView.m */ = {isa = PBXFileReference; fileEncoding = 4; lastKnownFileType = sourcecode.c.objc; path = FPTouchView.m; sourceTree = "<group>"; };
		CED477A71BEC7B8600669902 /* MenuViewController.h */ = {isa = PBXFileReference; fileEncoding = 4; lastKnownFileType = sourcecode.c.h; path = MenuViewController.h; sourceTree = "<group>"; };
		CED477A81BEC7B8600669902 /* MenuViewController.m */ = {isa = PBXFileReference; fileEncoding = 4; lastKnownFileType = sourcecode.c.objc; path = MenuViewController.m; sourceTree = "<group>"; };
		CED477AA1BEC7F4A00669902 /* MenuItem.h */ = {isa = PBXFileReference; fileEncoding = 4; lastKnownFileType = sourcecode.c.h; path = MenuItem.h; sourceTree = "<group>"; };
		CED477AB1BEC7F4A00669902 /* MenuItem.m */ = {isa = PBXFileReference; fileEncoding = 4; lastKnownFileType = sourcecode.c.objc; path = MenuItem.m; sourceTree = "<group>"; };
		CED477AD1BEC822F00669902 /* MenuItemCell.h */ = {isa = PBXFileReference; fileEncoding = 4; lastKnownFileType = sourcecode.c.h; path = MenuItemCell.h; sourceTree = "<group>"; };
		CED477AE1BEC822F00669902 /* MenuItemCell.m */ = {isa = PBXFileReference; fileEncoding = 4; lastKnownFileType = sourcecode.c.objc; path = MenuItemCell.m; sourceTree = "<group>"; };
		CEDB280D1D38877900886AC8 /* DateHelper.h */ = {isa = PBXFileReference; fileEncoding = 4; lastKnownFileType = sourcecode.c.h; path = DateHelper.h; sourceTree = "<group>"; };
		CEDB280E1D38877900886AC8 /* DateHelper.m */ = {isa = PBXFileReference; fileEncoding = 4; lastKnownFileType = sourcecode.c.objc; path = DateHelper.m; sourceTree = "<group>"; };
		CEE246761D0FDFE20057A101 /* GoogleService-Info.plist */ = {isa = PBXFileReference; fileEncoding = 4; lastKnownFileType = text.plist.xml; path = "GoogleService-Info.plist"; sourceTree = "<group>"; };
		CEF55AEA1BE863CB0061FD50 /* CoreGraphics.framework */ = {isa = PBXFileReference; lastKnownFileType = wrapper.framework; name = CoreGraphics.framework; path = System/Library/Frameworks/CoreGraphics.framework; sourceTree = SDKROOT; };
		CEF55AEC1BE864290061FD50 /* QuartzCore.framework */ = {isa = PBXFileReference; lastKnownFileType = wrapper.framework; name = QuartzCore.framework; path = System/Library/Frameworks/QuartzCore.framework; sourceTree = SDKROOT; };
		CEF55B301BE896050061FD50 /* TaskViewController.h */ = {isa = PBXFileReference; fileEncoding = 4; lastKnownFileType = sourcecode.c.h; path = TaskViewController.h; sourceTree = "<group>"; };
		CEF55B311BE896050061FD50 /* TaskViewController.m */ = {isa = PBXFileReference; fileEncoding = 4; lastKnownFileType = sourcecode.c.objc; path = TaskViewController.m; sourceTree = "<group>"; };
		CEF55B341BE896B00061FD50 /* MZDay.h */ = {isa = PBXFileReference; fileEncoding = 4; lastKnownFileType = sourcecode.c.h; path = MZDay.h; sourceTree = "<group>"; };
		CEF55B351BE896B00061FD50 /* MZDay.m */ = {isa = PBXFileReference; fileEncoding = 4; lastKnownFileType = sourcecode.c.objc; path = MZDay.m; sourceTree = "<group>"; };
		CEF55B361BE896B00061FD50 /* MZDayPicker.h */ = {isa = PBXFileReference; fileEncoding = 4; lastKnownFileType = sourcecode.c.h; path = MZDayPicker.h; sourceTree = "<group>"; };
		CEF55B371BE896B00061FD50 /* MZDayPicker.m */ = {isa = PBXFileReference; fileEncoding = 4; lastKnownFileType = sourcecode.c.objc; path = MZDayPicker.m; sourceTree = "<group>"; };
		CEF55B381BE896B00061FD50 /* MZDayPickerCell.h */ = {isa = PBXFileReference; fileEncoding = 4; lastKnownFileType = sourcecode.c.h; path = MZDayPickerCell.h; sourceTree = "<group>"; };
		CEF55B391BE896B00061FD50 /* MZDayPickerCell.m */ = {isa = PBXFileReference; fileEncoding = 4; lastKnownFileType = sourcecode.c.objc; path = MZDayPickerCell.m; sourceTree = "<group>"; };
		CEF55B3D1BE89EFE0061FD50 /* TaskItem.h */ = {isa = PBXFileReference; fileEncoding = 4; lastKnownFileType = sourcecode.c.h; path = TaskItem.h; sourceTree = "<group>"; };
		CEF55B3E1BE89EFE0061FD50 /* TaskItem.m */ = {isa = PBXFileReference; fileEncoding = 4; lastKnownFileType = sourcecode.c.objc; path = TaskItem.m; sourceTree = "<group>"; };
		CEF55B401BE89F2A0061FD50 /* TaskCell.h */ = {isa = PBXFileReference; fileEncoding = 4; lastKnownFileType = sourcecode.c.h; path = TaskCell.h; sourceTree = "<group>"; };
		CEF55B411BE89F2A0061FD50 /* TaskCell.m */ = {isa = PBXFileReference; fileEncoding = 4; lastKnownFileType = sourcecode.c.objc; path = TaskCell.m; sourceTree = "<group>"; };
		CEF55B431BE89F770061FD50 /* TaskCell.xib */ = {isa = PBXFileReference; fileEncoding = 4; lastKnownFileType = file.xib; path = TaskCell.xib; sourceTree = "<group>"; };
		CEF55B461BE8BA2A0061FD50 /* Helper.h */ = {isa = PBXFileReference; fileEncoding = 4; lastKnownFileType = sourcecode.c.h; path = Helper.h; sourceTree = "<group>"; };
		CEF55B471BE8BA2A0061FD50 /* Helper.m */ = {isa = PBXFileReference; fileEncoding = 4; lastKnownFileType = sourcecode.c.objc; path = Helper.m; sourceTree = "<group>"; };
		EBFC1119E840FC36CF766A69 /* Pods-ArcToDoListTests.debug.xcconfig */ = {isa = PBXFileReference; includeInIndex = 1; lastKnownFileType = text.xcconfig; name = "Pods-ArcToDoListTests.debug.xcconfig"; path = "Pods/Target Support Files/Pods-ArcToDoListTests/Pods-ArcToDoListTests.debug.xcconfig"; sourceTree = "<group>"; };
/* End PBXFileReference section */

/* Begin PBXFrameworksBuildPhase section */
		CEC9422B1BB0F78D0085E6D1 /* Frameworks */ = {
			isa = PBXFrameworksBuildPhase;
			buildActionMask = 2147483647;
			files = (
				CEF55AED1BE864290061FD50 /* QuartzCore.framework in Frameworks */,
				99292976F3D29990E0EA3B71 /* libPods-ArcToDoList.a in Frameworks */,
			);
			runOnlyForDeploymentPostprocessing = 0;
		};
		CEC942441BB0F78D0085E6D1 /* Frameworks */ = {
			isa = PBXFrameworksBuildPhase;
			buildActionMask = 2147483647;
			files = (
				340A95D3AD0F11889B3F6A89 /* libPods-ArcToDoListTests.a in Frameworks */,
			);
			runOnlyForDeploymentPostprocessing = 0;
		};
/* End PBXFrameworksBuildPhase section */

/* Begin PBXGroup section */
		11FD7EC395F74730C9DEDF36 /* Pods */ = {
			isa = PBXGroup;
			children = (
				09773287E4D46BFB959DE96A /* Pods-ArcToDoList.debug.xcconfig */,
				8BB3C90A1980D34927EC2B94 /* Pods-ArcToDoList.release.xcconfig */,
				EBFC1119E840FC36CF766A69 /* Pods-ArcToDoListTests.debug.xcconfig */,
				2A8CB5CE0A90963B4E464EB7 /* Pods-ArcToDoListTests.release.xcconfig */,
			);
			name = Pods;
			sourceTree = "<group>";
		};
		9109BAC8A5625744EE3C1112 /* Frameworks */ = {
			isa = PBXGroup;
			children = (
				CEF55AEC1BE864290061FD50 /* QuartzCore.framework */,
				CEF55AEA1BE863CB0061FD50 /* CoreGraphics.framework */,
				129BB54BBC87DF0E9B327C4C /* libPods-ArcToDoList.a */,
				85C6DA4A79907469DE6E99B8 /* libPods-ArcToDoListTests.a */,
			);
			name = Frameworks;
			sourceTree = "<group>";
		};
		CE35A6AA1BE73ED100757A01 /* CategoryViewController */ = {
			isa = PBXGroup;
			children = (
				CE35A6AB1BE73EFE00757A01 /* CategoryViewController.h */,
				CE35A6AC1BE73EFE00757A01 /* CategoryViewController.m */,
				CE35A6B31BE743ED00757A01 /* CategoryItem.h */,
				CE35A6B41BE743ED00757A01 /* CategoryItem.m */,
				CE35A6AE1BE7422200757A01 /* CategoryCell.h */,
				CE35A6AF1BE7422200757A01 /* CategoryCell.m */,
				CE35A6B11BE7423600757A01 /* CategoryCell.xib */,
			);
			name = CategoryViewController;
			sourceTree = "<group>";
		};
		CE7D54541BB27B4E00D5DEA6 /* MainViewController */ = {
			isa = PBXGroup;
			children = (
				CE7D54551BB27B6F00D5DEA6 /* MainViewController.h */,
				CE7D54561BB27B6F00D5DEA6 /* MainViewController.m */,
			);
			name = MainViewController;
			sourceTree = "<group>";
		};
		CE7D545B1BB2A46000D5DEA6 /* CoreDataClass */ = {
			isa = PBXGroup;
			children = (
			);
			name = CoreDataClass;
			sourceTree = "<group>";
		};
		CE8A7AC41D3F1DBF0070CFB9 /* LocalPushNotificationManager */ = {
			isa = PBXGroup;
			children = (
				CE8A7AC51D3F1DEE0070CFB9 /* LPNManager.h */,
				CE8A7AC61D3F1DEE0070CFB9 /* LPNManager.m */,
			);
			name = LocalPushNotificationManager;
			sourceTree = "<group>";
		};
		CE8A7AC81D3F2A230070CFB9 /* NotificationSettingController */ = {
			isa = PBXGroup;
			children = (
				CE8A7AC91D3F2A6A0070CFB9 /* NotificationSettingViewController.h */,
				CE8A7ACA1D3F2A6A0070CFB9 /* NotificationSettingViewController.m */,
			);
			name = NotificationSettingController;
			sourceTree = "<group>";
		};
		CE9DA03F1BE9A924005742D8 /* GenericCell */ = {
			isa = PBXGroup;
			children = (
				CE9DA0401BE9A94C005742D8 /* GenericCell.h */,
				CE9DA0411BE9A94C005742D8 /* GenericCell.m */,
			);
			name = GenericCell;
			sourceTree = "<group>";
		};
		CE9DA0431BE9B179005742D8 /* ThridParty */ = {
			isa = PBXGroup;
			children = (
				CED4779B1BEC7A8500669902 /* FPPopover */,
				CED4774D1BEC77A400669902 /* SubTable */,
				CEF55B331BE896B00061FD50 /* MZDayPicker */,
			);
			name = ThridParty;
			sourceTree = "<group>";
		};
		CEC54E241D0EA01400E9AF13 /* AccountManager */ = {
			isa = PBXGroup;
			children = (
				CEC54E251D0EA02F00E9AF13 /* AccountManager.h */,
				CEC54E261D0EA02F00E9AF13 /* AccountManager.m */,
			);
			name = AccountManager;
			sourceTree = "<group>";
		};
		CEC942251BB0F78D0085E6D1 = {
			isa = PBXGroup;
			children = (
				CEC942301BB0F78D0085E6D1 /* ArcToDoList */,
				CEC9424A1BB0F78D0085E6D1 /* ArcToDoListTests */,
				CEC9422F1BB0F78D0085E6D1 /* Products */,
				9109BAC8A5625744EE3C1112 /* Frameworks */,
				11FD7EC395F74730C9DEDF36 /* Pods */,
			);
			sourceTree = "<group>";
		};
		CEC9422F1BB0F78D0085E6D1 /* Products */ = {
			isa = PBXGroup;
			children = (
				CEC9422E1BB0F78D0085E6D1 /* ArcToDoList.app */,
				CEC942471BB0F78D0085E6D1 /* ArcToDoListTests.xctest */,
			);
			name = Products;
			sourceTree = "<group>";
		};
		CEC942301BB0F78D0085E6D1 /* ArcToDoList */ = {
			isa = PBXGroup;
			children = (
				CE9DA0431BE9B179005742D8 /* ThridParty */,
				CEF55B451BE8BA130061FD50 /* Helper */,
				CE7D545B1BB2A46000D5DEA6 /* CoreDataClass */,
				CE8A7AC41D3F1DBF0070CFB9 /* LocalPushNotificationManager */,
				CEC54E241D0EA01400E9AF13 /* AccountManager */,
				CE7D54541BB27B4E00D5DEA6 /* MainViewController */,
				CEC942611BB101A70085E6D1 /* SinginViewController */,
				CE9DA03F1BE9A924005742D8 /* GenericCell */,
				CE35A6AA1BE73ED100757A01 /* CategoryViewController */,
				CED477A61BEC7B4A00669902 /* MenuViewController */,
				CEF55B2F1BE895C40061FD50 /* TaskViewController */,
				CE8A7AC81D3F2A230070CFB9 /* NotificationSettingController */,
				CEC942351BB0F78D0085E6D1 /* AppDelegate.h */,
				CEC942361BB0F78D0085E6D1 /* AppDelegate.m */,
				CEC9423B1BB0F78D0085E6D1 /* Main.storyboard */,
				CEC9423E1BB0F78D0085E6D1 /* Images.xcassets */,
				CEC942311BB0F78D0085E6D1 /* Supporting Files */,
				CEC942401BB0F78D0085E6D1 /* LaunchScreen.xib */,
			);
			path = ArcToDoList;
			sourceTree = "<group>";
		};
		CEC942311BB0F78D0085E6D1 /* Supporting Files */ = {
			isa = PBXGroup;
			children = (
				CEE246761D0FDFE20057A101 /* GoogleService-Info.plist */,
				CEC942581BB0F8B80085E6D1 /* ToDoList-Prefix.pch */,
				CEC942591BB0F8B80085E6D1 /* ExtendNSLog.h */,
				CEC9425A1BB0F8B80085E6D1 /* ExtendNSLog.m */,
				CEC942571BB0F8AE0085E6D1 /* GooglePlus.h */,
				CEC942321BB0F78D0085E6D1 /* Info.plist */,
				CEC942331BB0F78D0085E6D1 /* main.m */,
				CEC9425F1BB0FFDC0085E6D1 /* ReadMe */,
				CEBB59DE1BB3A23D00FBBE6B /* ToDoListModel.xcdatamodeld */,
			);
			name = "Supporting Files";
			sourceTree = "<group>";
		};
		CEC9424A1BB0F78D0085E6D1 /* ArcToDoListTests */ = {
			isa = PBXGroup;
			children = (
				CEC9424D1BB0F78D0085E6D1 /* ArcToDoListTests.m */,
				CEC9424B1BB0F78D0085E6D1 /* Supporting Files */,
			);
			path = ArcToDoListTests;
			sourceTree = "<group>";
		};
		CEC9424B1BB0F78D0085E6D1 /* Supporting Files */ = {
			isa = PBXGroup;
			children = (
				CEC9424C1BB0F78D0085E6D1 /* Info.plist */,
			);
			name = "Supporting Files";
			sourceTree = "<group>";
		};
		CEC942611BB101A70085E6D1 /* SinginViewController */ = {
			isa = PBXGroup;
			children = (
				CEC9425C1BB0F8C60085E6D1 /* SigninViewController.h */,
				CEC9425D1BB0F8C60085E6D1 /* SigninViewController.m */,
			);
			name = SinginViewController;
			sourceTree = "<group>";
		};
		CED4774D1BEC77A400669902 /* SubTable */ = {
			isa = PBXGroup;
			children = (
				CED4774E1BEC77A400669902 /* GestureComponent */,
				CED477511BEC77A400669902 /* Gestures */,
				CED4776D1BEC77A400669902 /* ParentCell */,
				CED477711BEC77A400669902 /* ParentTableView.h */,
				CED477721BEC77A400669902 /* ParentTableView.m */,
				CED477731BEC77A400669902 /* SubCell */,
			);
			path = SubTable;
			sourceTree = "<group>";
		};
		CED4774E1BEC77A400669902 /* GestureComponent */ = {
			isa = PBXGroup;
			children = (
				CED4774F1BEC77A400669902 /* GestureComponent.h */,
				CED477501BEC77A400669902 /* GestureComponent.m */,
			);
			path = GestureComponent;
			sourceTree = "<group>";
		};
		CED477511BEC77A400669902 /* Gestures */ = {
			isa = PBXGroup;
			children = (
				CED477521BEC77A400669902 /* DoubleTapEdit */,
				CED477581BEC77A400669902 /* DoublTap */,
				CED4775B1BEC77A400669902 /* LongPress */,
				CED4775E1BEC77A400669902 /* LongPressMove */,
				CED477611BEC77A400669902 /* PanLeftRight */,
				CED477641BEC77A400669902 /* PullDownAddNew */,
				CED4776A1BEC77A400669902 /* SingleTap */,
			);
			path = Gestures;
			sourceTree = "<group>";
		};
		CED477521BEC77A400669902 /* DoubleTapEdit */ = {
			isa = PBXGroup;
			children = (
				CED477531BEC77A400669902 /* DoubleTapEdit.h */,
				CED477541BEC77A400669902 /* DoubleTapEdit.m */,
				CED477551BEC77A400669902 /* DTECellHolder.h */,
				CED477561BEC77A400669902 /* DTECellHolder.m */,
				CED477571BEC77A400669902 /* DTECellHolder.xib */,
			);
			path = DoubleTapEdit;
			sourceTree = "<group>";
		};
		CED477581BEC77A400669902 /* DoublTap */ = {
			isa = PBXGroup;
			children = (
				CED477591BEC77A400669902 /* DoubleTap.h */,
				CED4775A1BEC77A400669902 /* DoubleTap.m */,
			);
			path = DoublTap;
			sourceTree = "<group>";
		};
		CED4775B1BEC77A400669902 /* LongPress */ = {
			isa = PBXGroup;
			children = (
				CED4775C1BEC77A400669902 /* LongPress.h */,
				CED4775D1BEC77A400669902 /* LongPress.m */,
			);
			path = LongPress;
			sourceTree = "<group>";
		};
		CED4775E1BEC77A400669902 /* LongPressMove */ = {
			isa = PBXGroup;
			children = (
				CED4775F1BEC77A400669902 /* LongPressMove.h */,
				CED477601BEC77A400669902 /* LongPressMove.m */,
			);
			path = LongPressMove;
			sourceTree = "<group>";
		};
		CED477611BEC77A400669902 /* PanLeftRight */ = {
			isa = PBXGroup;
			children = (
				CED477621BEC77A400669902 /* PanLeftRight.h */,
				CED477631BEC77A400669902 /* PanLeftRight.m */,
			);
			path = PanLeftRight;
			sourceTree = "<group>";
		};
		CED477641BEC77A400669902 /* PullDownAddNew */ = {
			isa = PBXGroup;
			children = (
				CED477651BEC77A400669902 /* PDANCellHolder.h */,
				CED477661BEC77A400669902 /* PDANCellHolder.m */,
				CED477671BEC77A400669902 /* PDANCellHolder.xib */,
				CED477681BEC77A400669902 /* PullDownAddNew.h */,
				CED477691BEC77A400669902 /* PullDownAddNew.m */,
			);
			path = PullDownAddNew;
			sourceTree = "<group>";
		};
		CED4776A1BEC77A400669902 /* SingleTap */ = {
			isa = PBXGroup;
			children = (
				CED4776B1BEC77A400669902 /* SingleTap.h */,
				CED4776C1BEC77A400669902 /* SingleTap.m */,
			);
			path = SingleTap;
			sourceTree = "<group>";
		};
		CED4776D1BEC77A400669902 /* ParentCell */ = {
			isa = PBXGroup;
			children = (
				CED4776E1BEC77A400669902 /* ParentTableViewCell.h */,
				CED4776F1BEC77A400669902 /* ParentTableViewCell.m */,
				CED477701BEC77A400669902 /* ParentTableViewCell.xib */,
			);
			path = ParentCell;
			sourceTree = "<group>";
		};
		CED477731BEC77A400669902 /* SubCell */ = {
			isa = PBXGroup;
			children = (
				CED477741BEC77A400669902 /* ChildCell */,
				CED477781BEC77A400669902 /* SubTableViewCell.h */,
				CED477791BEC77A400669902 /* SubTableViewCell.m */,
				CED4777A1BEC77A400669902 /* SubTableViewCell.xib */,
			);
			path = SubCell;
			sourceTree = "<group>";
		};
		CED477741BEC77A400669902 /* ChildCell */ = {
			isa = PBXGroup;
			children = (
				CED477751BEC77A400669902 /* ChildTableViewCell.h */,
				CED477761BEC77A400669902 /* ChildTableViewCell.m */,
				CED477771BEC77A400669902 /* ChildTableViewCell.xib */,
			);
			path = ChildCell;
			sourceTree = "<group>";
		};
		CED4779B1BEC7A8500669902 /* FPPopover */ = {
			isa = PBXGroup;
			children = (
				CED4779C1BEC7A9500669902 /* ARCMacros.h */,
				CED4779D1BEC7A9500669902 /* FPPopoverController.h */,
				CED4779E1BEC7A9500669902 /* FPPopoverController.m */,
				CED4779F1BEC7A9500669902 /* FPPopoverView.h */,
				CED477A01BEC7A9500669902 /* FPPopoverView.m */,
				CED477A11BEC7A9500669902 /* FPTouchView.h */,
				CED477A21BEC7A9500669902 /* FPTouchView.m */,
			);
			name = FPPopover;
			sourceTree = "<group>";
		};
		CED477A61BEC7B4A00669902 /* MenuViewController */ = {
			isa = PBXGroup;
			children = (
				CED477A71BEC7B8600669902 /* MenuViewController.h */,
				CED477A81BEC7B8600669902 /* MenuViewController.m */,
				CED477AA1BEC7F4A00669902 /* MenuItem.h */,
				CED477AB1BEC7F4A00669902 /* MenuItem.m */,
				CED477AD1BEC822F00669902 /* MenuItemCell.h */,
				CED477AE1BEC822F00669902 /* MenuItemCell.m */,
			);
			name = MenuViewController;
			sourceTree = "<group>";
		};
		CEF55B2F1BE895C40061FD50 /* TaskViewController */ = {
			isa = PBXGroup;
			children = (
				CEF55B301BE896050061FD50 /* TaskViewController.h */,
				CEF55B311BE896050061FD50 /* TaskViewController.m */,
				CEF55B3D1BE89EFE0061FD50 /* TaskItem.h */,
				CEF55B3E1BE89EFE0061FD50 /* TaskItem.m */,
				CEF55B401BE89F2A0061FD50 /* TaskCell.h */,
				CEF55B411BE89F2A0061FD50 /* TaskCell.m */,
				CEF55B431BE89F770061FD50 /* TaskCell.xib */,
				CE9DA0491BE9B4BF005742D8 /* SubTaskCell.h */,
				CE9DA04A1BE9B4BF005742D8 /* SubTaskCell.m */,
				CE9DA04C1BE9B4D1005742D8 /* SubTaskCell.xib */,
			);
			name = TaskViewController;
			sourceTree = "<group>";
		};
		CEF55B331BE896B00061FD50 /* MZDayPicker */ = {
			isa = PBXGroup;
			children = (
				CEF55B341BE896B00061FD50 /* MZDay.h */,
				CEF55B351BE896B00061FD50 /* MZDay.m */,
				CEF55B361BE896B00061FD50 /* MZDayPicker.h */,
				CEF55B371BE896B00061FD50 /* MZDayPicker.m */,
				CEF55B381BE896B00061FD50 /* MZDayPickerCell.h */,
				CEF55B391BE896B00061FD50 /* MZDayPickerCell.m */,
			);
			path = MZDayPicker;
			sourceTree = "<group>";
		};
		CEF55B451BE8BA130061FD50 /* Helper */ = {
			isa = PBXGroup;
			children = (
				CEF55B461BE8BA2A0061FD50 /* Helper.h */,
				CEF55B471BE8BA2A0061FD50 /* Helper.m */,
				CE74303C1D18D924002107D9 /* ServerInterface.h */,
				CE74303D1D18D924002107D9 /* ServerInterface.m */,
				CEDB280D1D38877900886AC8 /* DateHelper.h */,
				CEDB280E1D38877900886AC8 /* DateHelper.m */,
			);
			name = Helper;
			sourceTree = "<group>";
		};
/* End PBXGroup section */

/* Begin PBXNativeTarget section */
		CEC9422D1BB0F78D0085E6D1 /* ArcToDoList */ = {
			isa = PBXNativeTarget;
			buildConfigurationList = CEC942511BB0F78D0085E6D1 /* Build configuration list for PBXNativeTarget "ArcToDoList" */;
			buildPhases = (
				0DCED33E42243C6C124400F4 /* [CP] Check Pods Manifest.lock */,
				CEC9422A1BB0F78D0085E6D1 /* Sources */,
				CEC9422B1BB0F78D0085E6D1 /* Frameworks */,
				CEC9422C1BB0F78D0085E6D1 /* Resources */,
				6F72E4936FDB422854B0C660 /* [CP] Embed Pods Frameworks */,
				1DA8E22B65009F021054EA10 /* [CP] Copy Pods Resources */,
			);
			buildRules = (
			);
			dependencies = (
			);
			name = ArcToDoList;
			productName = ArcToDoList;
			productReference = CEC9422E1BB0F78D0085E6D1 /* ArcToDoList.app */;
			productType = "com.apple.product-type.application";
		};
		CEC942461BB0F78D0085E6D1 /* ArcToDoListTests */ = {
			isa = PBXNativeTarget;
			buildConfigurationList = CEC942541BB0F78D0085E6D1 /* Build configuration list for PBXNativeTarget "ArcToDoListTests" */;
			buildPhases = (
				51C7FD5D163DE201148E5CE4 /* [CP] Check Pods Manifest.lock */,
				CEC942431BB0F78D0085E6D1 /* Sources */,
				CEC942441BB0F78D0085E6D1 /* Frameworks */,
				CEC942451BB0F78D0085E6D1 /* Resources */,
				0257DE7C16F4D3509B732723 /* [CP] Embed Pods Frameworks */,
				9F8A6481E171475E25BDC96B /* [CP] Copy Pods Resources */,
			);
			buildRules = (
			);
			dependencies = (
				CEC942491BB0F78D0085E6D1 /* PBXTargetDependency */,
			);
			name = ArcToDoListTests;
			productName = ArcToDoListTests;
			productReference = CEC942471BB0F78D0085E6D1 /* ArcToDoListTests.xctest */;
			productType = "com.apple.product-type.bundle.unit-test";
		};
/* End PBXNativeTarget section */

/* Begin PBXProject section */
		CEC942261BB0F78D0085E6D1 /* Project object */ = {
			isa = PBXProject;
			attributes = {
				LastUpgradeCheck = 0700;
				ORGANIZATIONNAME = ArcTech;
				TargetAttributes = {
					CEC9422D1BB0F78D0085E6D1 = {
						CreatedOnToolsVersion = 6.4;
						DevelopmentTeam = D7S3BX6UT5;
					};
					CEC942461BB0F78D0085E6D1 = {
						CreatedOnToolsVersion = 6.4;
						TestTargetID = CEC9422D1BB0F78D0085E6D1;
					};
				};
			};
			buildConfigurationList = CEC942291BB0F78D0085E6D1 /* Build configuration list for PBXProject "ArcToDoList" */;
			compatibilityVersion = "Xcode 3.2";
			developmentRegion = English;
			hasScannedForEncodings = 0;
			knownRegions = (
				en,
				Base,
			);
			mainGroup = CEC942251BB0F78D0085E6D1;
			productRefGroup = CEC9422F1BB0F78D0085E6D1 /* Products */;
			projectDirPath = "";
			projectRoot = "";
			targets = (
				CEC9422D1BB0F78D0085E6D1 /* ArcToDoList */,
				CEC942461BB0F78D0085E6D1 /* ArcToDoListTests */,
			);
		};
/* End PBXProject section */

/* Begin PBXResourcesBuildPhase section */
		CEC9422C1BB0F78D0085E6D1 /* Resources */ = {
			isa = PBXResourcesBuildPhase;
			buildActionMask = 2147483647;
			files = (
				CEE246771D0FDFE20057A101 /* GoogleService-Info.plist in Resources */,
				CE9DA04D1BE9B4D1005742D8 /* SubTaskCell.xib in Resources */,
				CED4778B1BEC77A400669902 /* ChildTableViewCell.xib in Resources */,
				CEC942601BB0FFDC0085E6D1 /* ReadMe in Resources */,
				CEF55B441BE89F770061FD50 /* TaskCell.xib in Resources */,
				CED477881BEC77A400669902 /* ParentTableViewCell.xib in Resources */,
				CEC9423D1BB0F78D0085E6D1 /* Main.storyboard in Resources */,
				CED4778D1BEC77A400669902 /* SubTableViewCell.xib in Resources */,
				CEC942421BB0F78D0085E6D1 /* LaunchScreen.xib in Resources */,
				CED477841BEC77A400669902 /* PDANCellHolder.xib in Resources */,
				CED4777E1BEC77A400669902 /* DTECellHolder.xib in Resources */,
				CE35A6B21BE7423600757A01 /* CategoryCell.xib in Resources */,
				CEC9423F1BB0F78D0085E6D1 /* Images.xcassets in Resources */,
			);
			runOnlyForDeploymentPostprocessing = 0;
		};
		CEC942451BB0F78D0085E6D1 /* Resources */ = {
			isa = PBXResourcesBuildPhase;
			buildActionMask = 2147483647;
			files = (
			);
			runOnlyForDeploymentPostprocessing = 0;
		};
/* End PBXResourcesBuildPhase section */

/* Begin PBXShellScriptBuildPhase section */
		0257DE7C16F4D3509B732723 /* [CP] Embed Pods Frameworks */ = {
			isa = PBXShellScriptBuildPhase;
			buildActionMask = 2147483647;
			files = (
			);
			inputPaths = (
			);
			name = "[CP] Embed Pods Frameworks";
			outputPaths = (
			);
			runOnlyForDeploymentPostprocessing = 0;
			shellPath = /bin/sh;
			shellScript = "\"${SRCROOT}/Pods/Target Support Files/Pods-ArcToDoListTests/Pods-ArcToDoListTests-frameworks.sh\"\n";
			showEnvVarsInLog = 0;
		};
		0DCED33E42243C6C124400F4 /* [CP] Check Pods Manifest.lock */ = {
			isa = PBXShellScriptBuildPhase;
			buildActionMask = 2147483647;
			files = (
			);
			inputPaths = (
			);
			name = "[CP] Check Pods Manifest.lock";
			outputPaths = (
			);
			runOnlyForDeploymentPostprocessing = 0;
			shellPath = /bin/sh;
			shellScript = "diff \"${PODS_ROOT}/../Podfile.lock\" \"${PODS_ROOT}/Manifest.lock\" > /dev/null\nif [[ $? != 0 ]] ; then\n    cat << EOM\nerror: The sandbox is not in sync with the Podfile.lock. Run 'pod install' or update your CocoaPods installation.\nEOM\n    exit 1\nfi\n";
			showEnvVarsInLog = 0;
		};
		1DA8E22B65009F021054EA10 /* [CP] Copy Pods Resources */ = {
			isa = PBXShellScriptBuildPhase;
			buildActionMask = 2147483647;
			files = (
			);
			inputPaths = (
			);
			name = "[CP] Copy Pods Resources";
			outputPaths = (
			);
			runOnlyForDeploymentPostprocessing = 0;
			shellPath = /bin/sh;
			shellScript = "\"${SRCROOT}/Pods/Target Support Files/Pods-ArcToDoList/Pods-ArcToDoList-resources.sh\"\n";
			showEnvVarsInLog = 0;
		};
		51C7FD5D163DE201148E5CE4 /* [CP] Check Pods Manifest.lock */ = {
			isa = PBXShellScriptBuildPhase;
			buildActionMask = 2147483647;
			files = (
			);
			inputPaths = (
			);
			name = "[CP] Check Pods Manifest.lock";
			outputPaths = (
			);
			runOnlyForDeploymentPostprocessing = 0;
			shellPath = /bin/sh;
			shellScript = "diff \"${PODS_ROOT}/../Podfile.lock\" \"${PODS_ROOT}/Manifest.lock\" > /dev/null\nif [[ $? != 0 ]] ; then\n    cat << EOM\nerror: The sandbox is not in sync with the Podfile.lock. Run 'pod install' or update your CocoaPods installation.\nEOM\n    exit 1\nfi\n";
			showEnvVarsInLog = 0;
		};
		6F72E4936FDB422854B0C660 /* [CP] Embed Pods Frameworks */ = {
			isa = PBXShellScriptBuildPhase;
			buildActionMask = 2147483647;
			files = (
			);
			inputPaths = (
			);
			name = "[CP] Embed Pods Frameworks";
			outputPaths = (
			);
			runOnlyForDeploymentPostprocessing = 0;
			shellPath = /bin/sh;
			shellScript = "\"${SRCROOT}/Pods/Target Support Files/Pods-ArcToDoList/Pods-ArcToDoList-frameworks.sh\"\n";
			showEnvVarsInLog = 0;
		};
		9F8A6481E171475E25BDC96B /* [CP] Copy Pods Resources */ = {
			isa = PBXShellScriptBuildPhase;
			buildActionMask = 2147483647;
			files = (
			);
			inputPaths = (
			);
			name = "[CP] Copy Pods Resources";
			outputPaths = (
			);
			runOnlyForDeploymentPostprocessing = 0;
			shellPath = /bin/sh;
			shellScript = "\"${SRCROOT}/Pods/Target Support Files/Pods-ArcToDoListTests/Pods-ArcToDoListTests-resources.sh\"\n";
			showEnvVarsInLog = 0;
		};
/* End PBXShellScriptBuildPhase section */

/* Begin PBXSourcesBuildPhase section */
		CEC9422A1BB0F78D0085E6D1 /* Sources */ = {
			isa = PBXSourcesBuildPhase;
			buildActionMask = 2147483647;
			files = (
				CED4777C1BEC77A400669902 /* DoubleTapEdit.m in Sources */,
				CEF55B3A1BE896B00061FD50 /* MZDay.m in Sources */,
				CED4778C1BEC77A400669902 /* SubTableViewCell.m in Sources */,
				CED477831BEC77A400669902 /* PDANCellHolder.m in Sources */,
				CED477811BEC77A400669902 /* LongPressMove.m in Sources */,
				CED477851BEC77A400669902 /* PullDownAddNew.m in Sources */,
				CE8A7AC71D3F1DEE0070CFB9 /* LPNManager.m in Sources */,
				CEF55B481BE8BA2A0061FD50 /* Helper.m in Sources */,
				CE9DA0421BE9A94C005742D8 /* GenericCell.m in Sources */,
				CED4777F1BEC77A400669902 /* DoubleTap.m in Sources */,
				CED4778A1BEC77A400669902 /* ChildTableViewCell.m in Sources */,
				CED477A51BEC7A9500669902 /* FPTouchView.m in Sources */,
				CEC942371BB0F78D0085E6D1 /* AppDelegate.m in Sources */,
				CE35A6B01BE7422200757A01 /* CategoryCell.m in Sources */,
				CE9DA04B1BE9B4BF005742D8 /* SubTaskCell.m in Sources */,
				CED477871BEC77A400669902 /* ParentTableViewCell.m in Sources */,
				CED477AC1BEC7F4A00669902 /* MenuItem.m in Sources */,
				CED477AF1BEC822F00669902 /* MenuItemCell.m in Sources */,
				CEDB280F1D38877900886AC8 /* DateHelper.m in Sources */,
				CE35A6B51BE743ED00757A01 /* CategoryItem.m in Sources */,
				CED477861BEC77A400669902 /* SingleTap.m in Sources */,
				CED477821BEC77A400669902 /* PanLeftRight.m in Sources */,
				CEC54E271D0EA02F00E9AF13 /* AccountManager.m in Sources */,
				CED477A91BEC7B8600669902 /* MenuViewController.m in Sources */,
				CED4777B1BEC77A400669902 /* GestureComponent.m in Sources */,
				CE7D54571BB27B6F00D5DEA6 /* MainViewController.m in Sources */,
				CED4777D1BEC77A400669902 /* DTECellHolder.m in Sources */,
				CED477801BEC77A400669902 /* LongPress.m in Sources */,
				CEF55B3C1BE896B00061FD50 /* MZDayPickerCell.m in Sources */,
				CED477891BEC77A400669902 /* ParentTableView.m in Sources */,
				CEC942341BB0F78D0085E6D1 /* main.m in Sources */,
				CEBB59E01BB3A23D00FBBE6B /* ToDoListModel.xcdatamodeld in Sources */,
				CEF55B421BE89F2A0061FD50 /* TaskCell.m in Sources */,
				CEF55B3F1BE89EFE0061FD50 /* TaskItem.m in Sources */,
				CEC9425E1BB0F8C60085E6D1 /* SigninViewController.m in Sources */,
				CED477A41BEC7A9500669902 /* FPPopoverView.m in Sources */,
				CE35A6AD1BE73EFE00757A01 /* CategoryViewController.m in Sources */,
				CEC9425B1BB0F8B80085E6D1 /* ExtendNSLog.m in Sources */,
				CE74303E1D18D924002107D9 /* ServerInterface.m in Sources */,
				CEF55B3B1BE896B00061FD50 /* MZDayPicker.m in Sources */,
				CEF55B321BE896050061FD50 /* TaskViewController.m in Sources */,
				CED477A31BEC7A9500669902 /* FPPopoverController.m in Sources */,
				CE8A7ACB1D3F2A6A0070CFB9 /* NotificationSettingViewController.m in Sources */,
			);
			runOnlyForDeploymentPostprocessing = 0;
		};
		CEC942431BB0F78D0085E6D1 /* Sources */ = {
			isa = PBXSourcesBuildPhase;
			buildActionMask = 2147483647;
			files = (
				CEC9424E1BB0F78D0085E6D1 /* ArcToDoListTests.m in Sources */,
			);
			runOnlyForDeploymentPostprocessing = 0;
		};
/* End PBXSourcesBuildPhase section */

/* Begin PBXTargetDependency section */
		CEC942491BB0F78D0085E6D1 /* PBXTargetDependency */ = {
			isa = PBXTargetDependency;
			target = CEC9422D1BB0F78D0085E6D1 /* ArcToDoList */;
			targetProxy = CEC942481BB0F78D0085E6D1 /* PBXContainerItemProxy */;
		};
/* End PBXTargetDependency section */

/* Begin PBXVariantGroup section */
		CEC9423B1BB0F78D0085E6D1 /* Main.storyboard */ = {
			isa = PBXVariantGroup;
			children = (
				CEC9423C1BB0F78D0085E6D1 /* Base */,
			);
			name = Main.storyboard;
			sourceTree = "<group>";
		};
		CEC942401BB0F78D0085E6D1 /* LaunchScreen.xib */ = {
			isa = PBXVariantGroup;
			children = (
				CEC942411BB0F78D0085E6D1 /* Base */,
			);
			name = LaunchScreen.xib;
			sourceTree = "<group>";
		};
/* End PBXVariantGroup section */

/* Begin XCBuildConfiguration section */
		CEC9424F1BB0F78D0085E6D1 /* Debug */ = {
			isa = XCBuildConfiguration;
			buildSettings = {
				ALWAYS_SEARCH_USER_PATHS = NO;
				CLANG_CXX_LANGUAGE_STANDARD = "gnu++0x";
				CLANG_CXX_LIBRARY = "libc++";
				CLANG_ENABLE_MODULES = YES;
				CLANG_ENABLE_OBJC_ARC = YES;
				CLANG_WARN_BOOL_CONVERSION = YES;
				CLANG_WARN_CONSTANT_CONVERSION = YES;
				CLANG_WARN_DIRECT_OBJC_ISA_USAGE = YES_ERROR;
				CLANG_WARN_EMPTY_BODY = YES;
				CLANG_WARN_ENUM_CONVERSION = YES;
				CLANG_WARN_INT_CONVERSION = YES;
				CLANG_WARN_OBJC_ROOT_CLASS = YES_ERROR;
				CLANG_WARN_UNREACHABLE_CODE = YES;
				CLANG_WARN__DUPLICATE_METHOD_MATCH = YES;
				"CODE_SIGN_IDENTITY[sdk=iphoneos*]" = "iPhone Developer";
				COPY_PHASE_STRIP = NO;
				DEBUG_INFORMATION_FORMAT = "dwarf-with-dsym";
				ENABLE_STRICT_OBJC_MSGSEND = YES;
				ENABLE_TESTABILITY = YES;
				GCC_C_LANGUAGE_STANDARD = gnu99;
				GCC_DYNAMIC_NO_PIC = NO;
				GCC_NO_COMMON_BLOCKS = YES;
				GCC_OPTIMIZATION_LEVEL = 0;
				GCC_PREPROCESSOR_DEFINITIONS = (
					"DEBUG=1",
					"$(inherited)",
				);
				GCC_SYMBOLS_PRIVATE_EXTERN = NO;
				GCC_WARN_64_TO_32_BIT_CONVERSION = YES;
				GCC_WARN_ABOUT_RETURN_TYPE = YES_ERROR;
				GCC_WARN_UNDECLARED_SELECTOR = YES;
				GCC_WARN_UNINITIALIZED_AUTOS = YES_AGGRESSIVE;
				GCC_WARN_UNUSED_FUNCTION = YES;
				GCC_WARN_UNUSED_VARIABLE = YES;
				IPHONEOS_DEPLOYMENT_TARGET = 8.4;
				MTL_ENABLE_DEBUG_INFO = YES;
				ONLY_ACTIVE_ARCH = YES;
				SDKROOT = iphoneos;
				TARGETED_DEVICE_FAMILY = "1,2";
			};
			name = Debug;
		};
		CEC942501BB0F78D0085E6D1 /* Release */ = {
			isa = XCBuildConfiguration;
			buildSettings = {
				ALWAYS_SEARCH_USER_PATHS = NO;
				CLANG_CXX_LANGUAGE_STANDARD = "gnu++0x";
				CLANG_CXX_LIBRARY = "libc++";
				CLANG_ENABLE_MODULES = YES;
				CLANG_ENABLE_OBJC_ARC = YES;
				CLANG_WARN_BOOL_CONVERSION = YES;
				CLANG_WARN_CONSTANT_CONVERSION = YES;
				CLANG_WARN_DIRECT_OBJC_ISA_USAGE = YES_ERROR;
				CLANG_WARN_EMPTY_BODY = YES;
				CLANG_WARN_ENUM_CONVERSION = YES;
				CLANG_WARN_INT_CONVERSION = YES;
				CLANG_WARN_OBJC_ROOT_CLASS = YES_ERROR;
				CLANG_WARN_UNREACHABLE_CODE = YES;
				CLANG_WARN__DUPLICATE_METHOD_MATCH = YES;
				"CODE_SIGN_IDENTITY[sdk=iphoneos*]" = "iPhone Developer";
				COPY_PHASE_STRIP = NO;
				DEBUG_INFORMATION_FORMAT = "dwarf-with-dsym";
				ENABLE_NS_ASSERTIONS = NO;
				ENABLE_STRICT_OBJC_MSGSEND = YES;
				GCC_C_LANGUAGE_STANDARD = gnu99;
				GCC_NO_COMMON_BLOCKS = YES;
				GCC_WARN_64_TO_32_BIT_CONVERSION = YES;
				GCC_WARN_ABOUT_RETURN_TYPE = YES_ERROR;
				GCC_WARN_UNDECLARED_SELECTOR = YES;
				GCC_WARN_UNINITIALIZED_AUTOS = YES_AGGRESSIVE;
				GCC_WARN_UNUSED_FUNCTION = YES;
				GCC_WARN_UNUSED_VARIABLE = YES;
				IPHONEOS_DEPLOYMENT_TARGET = 8.4;
				MTL_ENABLE_DEBUG_INFO = NO;
				SDKROOT = iphoneos;
				TARGETED_DEVICE_FAMILY = "1,2";
				VALIDATE_PRODUCT = YES;
			};
			name = Release;
		};
		CEC942521BB0F78D0085E6D1 /* Debug */ = {
			isa = XCBuildConfiguration;
			baseConfigurationReference = 09773287E4D46BFB959DE96A /* Pods-ArcToDoList.debug.xcconfig */;
			buildSettings = {
				ASSETCATALOG_COMPILER_APPICON_NAME = AppIcon;
				CODE_SIGN_IDENTITY = "iPhone Developer";
				"CODE_SIGN_IDENTITY[sdk=iphoneos*]" = "iPhone Developer";
				ENABLE_BITCODE = NO;
				GCC_PREFIX_HEADER = "ArcToDoList/ToDoList-Prefix.pch";
				INFOPLIST_FILE = ArcToDoList/Info.plist;
				IPHONEOS_DEPLOYMENT_TARGET = 9.0;
				LD_RUNPATH_SEARCH_PATHS = "$(inherited) @executable_path/Frameworks";
				PRODUCT_BUNDLE_IDENTIFIER = ArcTech.ArcToDoList;
				PRODUCT_NAME = "$(TARGET_NAME)";
				PROVISIONING_PROFILE = "";
			};
			name = Debug;
		};
		CEC942531BB0F78D0085E6D1 /* Release */ = {
			isa = XCBuildConfiguration;
			baseConfigurationReference = 8BB3C90A1980D34927EC2B94 /* Pods-ArcToDoList.release.xcconfig */;
			buildSettings = {
				ASSETCATALOG_COMPILER_APPICON_NAME = AppIcon;
				CODE_SIGN_IDENTITY = "iPhone Developer";
				"CODE_SIGN_IDENTITY[sdk=iphoneos*]" = "iPhone Developer";
				ENABLE_BITCODE = NO;
				GCC_PREFIX_HEADER = "ArcToDoList/ToDoList-Prefix.pch";
				INFOPLIST_FILE = ArcToDoList/Info.plist;
				IPHONEOS_DEPLOYMENT_TARGET = 9.0;
				LD_RUNPATH_SEARCH_PATHS = "$(inherited) @executable_path/Frameworks";
				PRODUCT_BUNDLE_IDENTIFIER = ArcTech.ArcToDoList;
				PRODUCT_NAME = "$(TARGET_NAME)";
				PROVISIONING_PROFILE = "";
			};
			name = Release;
		};
		CEC942551BB0F78D0085E6D1 /* Debug */ = {
			isa = XCBuildConfiguration;
			baseConfigurationReference = EBFC1119E840FC36CF766A69 /* Pods-ArcToDoListTests.debug.xcconfig */;
			buildSettings = {
				BUNDLE_LOADER = "$(TEST_HOST)";
				FRAMEWORK_SEARCH_PATHS = (
					"$(SDKROOT)/Developer/Library/Frameworks",
					"$(inherited)",
				);
				GCC_PREPROCESSOR_DEFINITIONS = (
					"DEBUG=1",
					"$(inherited)",
				);
				INFOPLIST_FILE = ArcToDoListTests/Info.plist;
				LD_RUNPATH_SEARCH_PATHS = "$(inherited) @executable_path/Frameworks @loader_path/Frameworks";
				PRODUCT_BUNDLE_IDENTIFIER = "ArcTech.$(PRODUCT_NAME:rfc1034identifier)";
				PRODUCT_NAME = "$(TARGET_NAME)";
				TEST_HOST = "$(BUILT_PRODUCTS_DIR)/ArcToDoList.app/ArcToDoList";
			};
			name = Debug;
		};
		CEC942561BB0F78D0085E6D1 /* Release */ = {
			isa = XCBuildConfiguration;
			baseConfigurationReference = 2A8CB5CE0A90963B4E464EB7 /* Pods-ArcToDoListTests.release.xcconfig */;
			buildSettings = {
				BUNDLE_LOADER = "$(TEST_HOST)";
				FRAMEWORK_SEARCH_PATHS = (
					"$(SDKROOT)/Developer/Library/Frameworks",
					"$(inherited)",
				);
				INFOPLIST_FILE = ArcToDoListTests/Info.plist;
				LD_RUNPATH_SEARCH_PATHS = "$(inherited) @executable_path/Frameworks @loader_path/Frameworks";
				PRODUCT_BUNDLE_IDENTIFIER = "ArcTech.$(PRODUCT_NAME:rfc1034identifier)";
				PRODUCT_NAME = "$(TARGET_NAME)";
				TEST_HOST = "$(BUILT_PRODUCTS_DIR)/ArcToDoList.app/ArcToDoList";
			};
			name = Release;
		};
/* End XCBuildConfiguration section */

/* Begin XCConfigurationList section */
		CEC942291BB0F78D0085E6D1 /* Build configuration list for PBXProject "ArcToDoList" */ = {
			isa = XCConfigurationList;
			buildConfigurations = (
				CEC9424F1BB0F78D0085E6D1 /* Debug */,
				CEC942501BB0F78D0085E6D1 /* Release */,
			);
			defaultConfigurationIsVisible = 0;
			defaultConfigurationName = Release;
		};
		CEC942511BB0F78D0085E6D1 /* Build configuration list for PBXNativeTarget "ArcToDoList" */ = {
			isa = XCConfigurationList;
			buildConfigurations = (
				CEC942521BB0F78D0085E6D1 /* Debug */,
				CEC942531BB0F78D0085E6D1 /* Release */,
			);
			defaultConfigurationIsVisible = 0;
			defaultConfigurationName = Release;
		};
		CEC942541BB0F78D0085E6D1 /* Build configuration list for PBXNativeTarget "ArcToDoListTests" */ = {
			isa = XCConfigurationList;
			buildConfigurations = (
				CEC942551BB0F78D0085E6D1 /* Debug */,
				CEC942561BB0F78D0085E6D1 /* Release */,
			);
			defaultConfigurationIsVisible = 0;
			defaultConfigurationName = Release;
		};
/* End XCConfigurationList section */

/* Begin XCVersionGroup section */
		CEBB59DE1BB3A23D00FBBE6B /* ToDoListModel.xcdatamodeld */ = {
			isa = XCVersionGroup;
			children = (
				CEBB59DF1BB3A23D00FBBE6B /* ToDoListModel.xcdatamodel */,
			);
			currentVersion = CEBB59DF1BB3A23D00FBBE6B /* ToDoListModel.xcdatamodel */;
			path = ToDoListModel.xcdatamodeld;
			sourceTree = "<group>";
			versionGroupType = wrapper.xcdatamodel;
		};
/* End XCVersionGroup section */
	};
	rootObject = CEC942261BB0F78D0085E6D1 /* Project object */;
}
