// !$*UTF8*$!
{
	archiveVersion = 1;
	classes = {
	};
	objectVersion = 46;
	objects = {

/* Begin PBXBuildFile section */
		C44AE5B509AF62C60FD6A96E /* libPods-ArcToDoList.a in Frameworks */ = {isa = PBXBuildFile; fileRef = AF99D740E9A48D7D462414E4 /* libPods-ArcToDoList.a */; };
		CE35A6AD1BE73EFE00757A01 /* CategoryViewController.m in Sources */ = {isa = PBXBuildFile; fileRef = CE35A6AC1BE73EFE00757A01 /* CategoryViewController.m */; };
		CE35A6B01BE7422200757A01 /* CategoryCell.m in Sources */ = {isa = PBXBuildFile; fileRef = CE35A6AF1BE7422200757A01 /* CategoryCell.m */; };
		CE35A6B21BE7423600757A01 /* CategoryCell.xib in Resources */ = {isa = PBXBuildFile; fileRef = CE35A6B11BE7423600757A01 /* CategoryCell.xib */; };
		CE35A6B51BE743ED00757A01 /* CategoryItem.m in Sources */ = {isa = PBXBuildFile; fileRef = CE35A6B41BE743ED00757A01 /* CategoryItem.m */; };
		CE7D54571BB27B6F00D5DEA6 /* MainViewController.m in Sources */ = {isa = PBXBuildFile; fileRef = CE7D54561BB27B6F00D5DEA6 /* MainViewController.m */; };
		CE9DA0421BE9A94C005742D8 /* GenericCell.m in Sources */ = {isa = PBXBuildFile; fileRef = CE9DA0411BE9A94C005742D8 /* GenericCell.m */; };
		CE9DA04B1BE9B4BF005742D8 /* SubTaskCell.m in Sources */ = {isa = PBXBuildFile; fileRef = CE9DA04A1BE9B4BF005742D8 /* SubTaskCell.m */; };
		CE9DA04D1BE9B4D1005742D8 /* SubTaskCell.xib in Resources */ = {isa = PBXBuildFile; fileRef = CE9DA04C1BE9B4D1005742D8 /* SubTaskCell.xib */; };
		CEBB59E01BB3A23D00FBBE6B /* ToDoListModel.xcdatamodeld in Sources */ = {isa = PBXBuildFile; fileRef = CEBB59DE1BB3A23D00FBBE6B /* ToDoListModel.xcdatamodeld */; };
		CEC942341BB0F78D0085E6D1 /* main.m in Sources */ = {isa = PBXBuildFile; fileRef = CEC942331BB0F78D0085E6D1 /* main.m */; };
		CEC942371BB0F78D0085E6D1 /* AppDelegate.m in Sources */ = {isa = PBXBuildFile; fileRef = CEC942361BB0F78D0085E6D1 /* AppDelegate.m */; };
		CEC9423D1BB0F78D0085E6D1 /* Main.storyboard in Resources */ = {isa = PBXBuildFile; fileRef = CEC9423B1BB0F78D0085E6D1 /* Main.storyboard */; };
		CEC9423F1BB0F78D0085E6D1 /* Images.xcassets in Resources */ = {isa = PBXBuildFile; fileRef = CEC9423E1BB0F78D0085E6D1 /* Images.xcassets */; };
		CEC942421BB0F78D0085E6D1 /* LaunchScreen.xib in Resources */ = {isa = PBXBuildFile; fileRef = CEC942401BB0F78D0085E6D1 /* LaunchScreen.xib */; };
		CEC9424E1BB0F78D0085E6D1 /* ArcToDoListTests.m in Sources */ = {isa = PBXBuildFile; fileRef = CEC9424D1BB0F78D0085E6D1 /* ArcToDoListTests.m */; };
		CEC9425B1BB0F8B80085E6D1 /* ExtendNSLog.m in Sources */ = {isa = PBXBuildFile; fileRef = CEC9425A1BB0F8B80085E6D1 /* ExtendNSLog.m */; };
		CEC9425E1BB0F8C60085E6D1 /* SigninViewController.m in Sources */ = {isa = PBXBuildFile; fileRef = CEC9425D1BB0F8C60085E6D1 /* SigninViewController.m */; };
		CEC942601BB0FFDC0085E6D1 /* ReadMe in Resources */ = {isa = PBXBuildFile; fileRef = CEC9425F1BB0FFDC0085E6D1 /* ReadMe */; };
		CEC942651BB101CA0085E6D1 /* AccountManager.m in Sources */ = {isa = PBXBuildFile; fileRef = CEC942641BB101CA0085E6D1 /* AccountManager.m */; };
		CEC942681BB101D80085E6D1 /* UserAccount.m in Sources */ = {isa = PBXBuildFile; fileRef = CEC942671BB101D80085E6D1 /* UserAccount.m */; };
		CEC9426C1BB10B230085E6D1 /* GooglePlusAccount.m in Sources */ = {isa = PBXBuildFile; fileRef = CEC9426B1BB10B230085E6D1 /* GooglePlusAccount.m */; };
		CEC942731BB136BD0085E6D1 /* FacebookAccount.m in Sources */ = {isa = PBXBuildFile; fileRef = CEC942721BB136BD0085E6D1 /* FacebookAccount.m */; };
		CEEA849B1BEC401B000565BA /* GestureComponent.m in Sources */ = {isa = PBXBuildFile; fileRef = CEEA84701BEC401B000565BA /* GestureComponent.m */; };
		CEEA849C1BEC401B000565BA /* DoubleTapEdit.m in Sources */ = {isa = PBXBuildFile; fileRef = CEEA84741BEC401B000565BA /* DoubleTapEdit.m */; };
		CEEA849D1BEC401B000565BA /* DTECellHolder.m in Sources */ = {isa = PBXBuildFile; fileRef = CEEA84761BEC401B000565BA /* DTECellHolder.m */; };
		CEEA849E1BEC401B000565BA /* DTECellHolder.xib in Resources */ = {isa = PBXBuildFile; fileRef = CEEA84771BEC401B000565BA /* DTECellHolder.xib */; };
		CEEA849F1BEC401B000565BA /* DoubleTap.m in Sources */ = {isa = PBXBuildFile; fileRef = CEEA847A1BEC401B000565BA /* DoubleTap.m */; };
		CEEA84A01BEC401B000565BA /* LongPress.m in Sources */ = {isa = PBXBuildFile; fileRef = CEEA847D1BEC401B000565BA /* LongPress.m */; };
		CEEA84A11BEC401B000565BA /* LongPressMove.m in Sources */ = {isa = PBXBuildFile; fileRef = CEEA84801BEC401B000565BA /* LongPressMove.m */; };
		CEEA84A21BEC401B000565BA /* PanLeftRight.m in Sources */ = {isa = PBXBuildFile; fileRef = CEEA84831BEC401B000565BA /* PanLeftRight.m */; };
		CEEA84A31BEC401B000565BA /* PDANCellHolder.m in Sources */ = {isa = PBXBuildFile; fileRef = CEEA84861BEC401B000565BA /* PDANCellHolder.m */; };
		CEEA84A41BEC401B000565BA /* PDANCellHolder.xib in Resources */ = {isa = PBXBuildFile; fileRef = CEEA84871BEC401B000565BA /* PDANCellHolder.xib */; };
		CEEA84A51BEC401B000565BA /* PullDownAddNew.m in Sources */ = {isa = PBXBuildFile; fileRef = CEEA84891BEC401B000565BA /* PullDownAddNew.m */; };
		CEEA84A61BEC401B000565BA /* SingleTap.m in Sources */ = {isa = PBXBuildFile; fileRef = CEEA848C1BEC401B000565BA /* SingleTap.m */; };
		CEEA84A71BEC401B000565BA /* ParentTableViewCell.m in Sources */ = {isa = PBXBuildFile; fileRef = CEEA848F1BEC401B000565BA /* ParentTableViewCell.m */; };
		CEEA84A81BEC401B000565BA /* ParentTableViewCell.xib in Resources */ = {isa = PBXBuildFile; fileRef = CEEA84901BEC401B000565BA /* ParentTableViewCell.xib */; };
		CEEA84A91BEC401B000565BA /* ParentTableView.m in Sources */ = {isa = PBXBuildFile; fileRef = CEEA84921BEC401B000565BA /* ParentTableView.m */; };
		CEEA84AA1BEC401B000565BA /* ChildTableViewCell.m in Sources */ = {isa = PBXBuildFile; fileRef = CEEA84961BEC401B000565BA /* ChildTableViewCell.m */; };
		CEEA84AB1BEC401B000565BA /* ChildTableViewCell.xib in Resources */ = {isa = PBXBuildFile; fileRef = CEEA84971BEC401B000565BA /* ChildTableViewCell.xib */; };
		CEEA84AC1BEC401B000565BA /* SubTableViewCell.m in Sources */ = {isa = PBXBuildFile; fileRef = CEEA84991BEC401B000565BA /* SubTableViewCell.m */; };
		CEEA84AD1BEC401B000565BA /* SubTableViewCell.xib in Resources */ = {isa = PBXBuildFile; fileRef = CEEA849A1BEC401B000565BA /* SubTableViewCell.xib */; };
		CEF55AED1BE864290061FD50 /* QuartzCore.framework in Frameworks */ = {isa = PBXBuildFile; fileRef = CEF55AEC1BE864290061FD50 /* QuartzCore.framework */; };
		CEF55B321BE896050061FD50 /* TaskViewController.m in Sources */ = {isa = PBXBuildFile; fileRef = CEF55B311BE896050061FD50 /* TaskViewController.m */; };
		CEF55B3A1BE896B00061FD50 /* MZDay.m in Sources */ = {isa = PBXBuildFile; fileRef = CEF55B351BE896B00061FD50 /* MZDay.m */; };
		CEF55B3B1BE896B00061FD50 /* MZDayPicker.m in Sources */ = {isa = PBXBuildFile; fileRef = CEF55B371BE896B00061FD50 /* MZDayPicker.m */; };
		CEF55B3C1BE896B00061FD50 /* MZDayPickerCell.m in Sources */ = {isa = PBXBuildFile; fileRef = CEF55B391BE896B00061FD50 /* MZDayPickerCell.m */; };
		CEF55B3F1BE89EFE0061FD50 /* TaskItem.m in Sources */ = {isa = PBXBuildFile; fileRef = CEF55B3E1BE89EFE0061FD50 /* TaskItem.m */; };
		CEF55B421BE89F2A0061FD50 /* TaskCell.m in Sources */ = {isa = PBXBuildFile; fileRef = CEF55B411BE89F2A0061FD50 /* TaskCell.m */; };
		CEF55B441BE89F770061FD50 /* TaskCell.xib in Resources */ = {isa = PBXBuildFile; fileRef = CEF55B431BE89F770061FD50 /* TaskCell.xib */; };
		CEF55B481BE8BA2A0061FD50 /* Helper.m in Sources */ = {isa = PBXBuildFile; fileRef = CEF55B471BE8BA2A0061FD50 /* Helper.m */; };
/* End PBXBuildFile section */

/* Begin PBXContainerItemProxy section */
		CEC942481BB0F78D0085E6D1 /* PBXContainerItemProxy */ = {
			isa = PBXContainerItemProxy;
			containerPortal = CEC942261BB0F78D0085E6D1 /* Project object */;
			proxyType = 1;
			remoteGlobalIDString = CEC9422D1BB0F78D0085E6D1;
			remoteInfo = ArcToDoList;
		};
/* End PBXContainerItemProxy section */

/* Begin PBXFileReference section */
		59422C454A690F9FA3A47030 /* Pods-ArcToDoList.release.xcconfig */ = {isa = PBXFileReference; includeInIndex = 1; lastKnownFileType = text.xcconfig; name = "Pods-ArcToDoList.release.xcconfig"; path = "Pods/Target Support Files/Pods-ArcToDoList/Pods-ArcToDoList.release.xcconfig"; sourceTree = "<group>"; };
		77D99613F979AB47B0EDA6BD /* Pods-ArcToDoList.debug.xcconfig */ = {isa = PBXFileReference; includeInIndex = 1; lastKnownFileType = text.xcconfig; name = "Pods-ArcToDoList.debug.xcconfig"; path = "Pods/Target Support Files/Pods-ArcToDoList/Pods-ArcToDoList.debug.xcconfig"; sourceTree = "<group>"; };
		AF99D740E9A48D7D462414E4 /* libPods-ArcToDoList.a */ = {isa = PBXFileReference; explicitFileType = archive.ar; includeInIndex = 0; path = "libPods-ArcToDoList.a"; sourceTree = BUILT_PRODUCTS_DIR; };
		CE35A6AB1BE73EFE00757A01 /* CategoryViewController.h */ = {isa = PBXFileReference; fileEncoding = 4; lastKnownFileType = sourcecode.c.h; path = CategoryViewController.h; sourceTree = "<group>"; };
		CE35A6AC1BE73EFE00757A01 /* CategoryViewController.m */ = {isa = PBXFileReference; fileEncoding = 4; lastKnownFileType = sourcecode.c.objc; path = CategoryViewController.m; sourceTree = "<group>"; };
		CE35A6AE1BE7422200757A01 /* CategoryCell.h */ = {isa = PBXFileReference; fileEncoding = 4; lastKnownFileType = sourcecode.c.h; path = CategoryCell.h; sourceTree = "<group>"; };
		CE35A6AF1BE7422200757A01 /* CategoryCell.m */ = {isa = PBXFileReference; fileEncoding = 4; lastKnownFileType = sourcecode.c.objc; path = CategoryCell.m; sourceTree = "<group>"; };
		CE35A6B11BE7423600757A01 /* CategoryCell.xib */ = {isa = PBXFileReference; fileEncoding = 4; lastKnownFileType = file.xib; path = CategoryCell.xib; sourceTree = "<group>"; };
		CE35A6B31BE743ED00757A01 /* CategoryItem.h */ = {isa = PBXFileReference; fileEncoding = 4; lastKnownFileType = sourcecode.c.h; path = CategoryItem.h; sourceTree = "<group>"; };
		CE35A6B41BE743ED00757A01 /* CategoryItem.m */ = {isa = PBXFileReference; fileEncoding = 4; lastKnownFileType = sourcecode.c.objc; path = CategoryItem.m; sourceTree = "<group>"; };
		CE7D54551BB27B6F00D5DEA6 /* MainViewController.h */ = {isa = PBXFileReference; fileEncoding = 4; lastKnownFileType = sourcecode.c.h; path = MainViewController.h; sourceTree = "<group>"; };
		CE7D54561BB27B6F00D5DEA6 /* MainViewController.m */ = {isa = PBXFileReference; fileEncoding = 4; lastKnownFileType = sourcecode.c.objc; path = MainViewController.m; sourceTree = "<group>"; };
		CE9DA0401BE9A94C005742D8 /* GenericCell.h */ = {isa = PBXFileReference; fileEncoding = 4; lastKnownFileType = sourcecode.c.h; path = GenericCell.h; sourceTree = "<group>"; };
		CE9DA0411BE9A94C005742D8 /* GenericCell.m */ = {isa = PBXFileReference; fileEncoding = 4; lastKnownFileType = sourcecode.c.objc; path = GenericCell.m; sourceTree = "<group>"; };
		CE9DA0491BE9B4BF005742D8 /* SubTaskCell.h */ = {isa = PBXFileReference; fileEncoding = 4; lastKnownFileType = sourcecode.c.h; path = SubTaskCell.h; sourceTree = "<group>"; };
		CE9DA04A1BE9B4BF005742D8 /* SubTaskCell.m */ = {isa = PBXFileReference; fileEncoding = 4; lastKnownFileType = sourcecode.c.objc; path = SubTaskCell.m; sourceTree = "<group>"; };
		CE9DA04C1BE9B4D1005742D8 /* SubTaskCell.xib */ = {isa = PBXFileReference; fileEncoding = 4; lastKnownFileType = file.xib; path = SubTaskCell.xib; sourceTree = "<group>"; };
		CEBB59DF1BB3A23D00FBBE6B /* ToDoListModel.xcdatamodel */ = {isa = PBXFileReference; lastKnownFileType = wrapper.xcdatamodel; path = ToDoListModel.xcdatamodel; sourceTree = "<group>"; };
		CEC9422E1BB0F78D0085E6D1 /* ArcToDoList.app */ = {isa = PBXFileReference; explicitFileType = wrapper.application; includeInIndex = 0; path = ArcToDoList.app; sourceTree = BUILT_PRODUCTS_DIR; };
		CEC942321BB0F78D0085E6D1 /* Info.plist */ = {isa = PBXFileReference; lastKnownFileType = text.plist.xml; path = Info.plist; sourceTree = "<group>"; };
		CEC942331BB0F78D0085E6D1 /* main.m */ = {isa = PBXFileReference; lastKnownFileType = sourcecode.c.objc; path = main.m; sourceTree = "<group>"; };
		CEC942351BB0F78D0085E6D1 /* AppDelegate.h */ = {isa = PBXFileReference; lastKnownFileType = sourcecode.c.h; path = AppDelegate.h; sourceTree = "<group>"; };
		CEC942361BB0F78D0085E6D1 /* AppDelegate.m */ = {isa = PBXFileReference; lastKnownFileType = sourcecode.c.objc; path = AppDelegate.m; sourceTree = "<group>"; };
		CEC9423C1BB0F78D0085E6D1 /* Base */ = {isa = PBXFileReference; lastKnownFileType = file.storyboard; name = Base; path = Base.lproj/Main.storyboard; sourceTree = "<group>"; };
		CEC9423E1BB0F78D0085E6D1 /* Images.xcassets */ = {isa = PBXFileReference; lastKnownFileType = folder.assetcatalog; path = Images.xcassets; sourceTree = "<group>"; };
		CEC942411BB0F78D0085E6D1 /* Base */ = {isa = PBXFileReference; lastKnownFileType = file.xib; name = Base; path = Base.lproj/LaunchScreen.xib; sourceTree = "<group>"; };
		CEC942471BB0F78D0085E6D1 /* ArcToDoListTests.xctest */ = {isa = PBXFileReference; explicitFileType = wrapper.cfbundle; includeInIndex = 0; path = ArcToDoListTests.xctest; sourceTree = BUILT_PRODUCTS_DIR; };
		CEC9424C1BB0F78D0085E6D1 /* Info.plist */ = {isa = PBXFileReference; lastKnownFileType = text.plist.xml; path = Info.plist; sourceTree = "<group>"; };
		CEC9424D1BB0F78D0085E6D1 /* ArcToDoListTests.m */ = {isa = PBXFileReference; lastKnownFileType = sourcecode.c.objc; path = ArcToDoListTests.m; sourceTree = "<group>"; };
		CEC942571BB0F8AE0085E6D1 /* GooglePlus.h */ = {isa = PBXFileReference; lastKnownFileType = sourcecode.c.h; path = GooglePlus.h; sourceTree = "<group>"; };
		CEC942581BB0F8B80085E6D1 /* ToDoList-Prefix.pch */ = {isa = PBXFileReference; fileEncoding = 4; lastKnownFileType = sourcecode.c.h; path = "ToDoList-Prefix.pch"; sourceTree = "<group>"; };
		CEC942591BB0F8B80085E6D1 /* ExtendNSLog.h */ = {isa = PBXFileReference; fileEncoding = 4; lastKnownFileType = sourcecode.c.h; path = ExtendNSLog.h; sourceTree = "<group>"; };
		CEC9425A1BB0F8B80085E6D1 /* ExtendNSLog.m */ = {isa = PBXFileReference; fileEncoding = 4; lastKnownFileType = sourcecode.c.objc; path = ExtendNSLog.m; sourceTree = "<group>"; };
		CEC9425C1BB0F8C60085E6D1 /* SigninViewController.h */ = {isa = PBXFileReference; fileEncoding = 4; lastKnownFileType = sourcecode.c.h; path = SigninViewController.h; sourceTree = "<group>"; };
		CEC9425D1BB0F8C60085E6D1 /* SigninViewController.m */ = {isa = PBXFileReference; fileEncoding = 4; lastKnownFileType = sourcecode.c.objc; path = SigninViewController.m; sourceTree = "<group>"; };
		CEC9425F1BB0FFDC0085E6D1 /* ReadMe */ = {isa = PBXFileReference; fileEncoding = 4; lastKnownFileType = text; path = ReadMe; sourceTree = "<group>"; };
		CEC942631BB101CA0085E6D1 /* AccountManager.h */ = {isa = PBXFileReference; fileEncoding = 4; lastKnownFileType = sourcecode.c.h; path = AccountManager.h; sourceTree = "<group>"; };
		CEC942641BB101CA0085E6D1 /* AccountManager.m */ = {isa = PBXFileReference; fileEncoding = 4; lastKnownFileType = sourcecode.c.objc; path = AccountManager.m; sourceTree = "<group>"; };
		CEC942661BB101D80085E6D1 /* UserAccount.h */ = {isa = PBXFileReference; fileEncoding = 4; lastKnownFileType = sourcecode.c.h; path = UserAccount.h; sourceTree = "<group>"; };
		CEC942671BB101D80085E6D1 /* UserAccount.m */ = {isa = PBXFileReference; fileEncoding = 4; lastKnownFileType = sourcecode.c.objc; path = UserAccount.m; sourceTree = "<group>"; };
		CEC9426A1BB10B230085E6D1 /* GooglePlusAccount.h */ = {isa = PBXFileReference; fileEncoding = 4; lastKnownFileType = sourcecode.c.h; path = GooglePlusAccount.h; sourceTree = "<group>"; };
		CEC9426B1BB10B230085E6D1 /* GooglePlusAccount.m */ = {isa = PBXFileReference; fileEncoding = 4; lastKnownFileType = sourcecode.c.objc; path = GooglePlusAccount.m; sourceTree = "<group>"; };
		CEC942711BB136BD0085E6D1 /* FacebookAccount.h */ = {isa = PBXFileReference; fileEncoding = 4; lastKnownFileType = sourcecode.c.h; path = FacebookAccount.h; sourceTree = "<group>"; };
		CEC942721BB136BD0085E6D1 /* FacebookAccount.m */ = {isa = PBXFileReference; fileEncoding = 4; lastKnownFileType = sourcecode.c.objc; path = FacebookAccount.m; sourceTree = "<group>"; };
		CEEA846F1BEC401B000565BA /* GestureComponent.h */ = {isa = PBXFileReference; fileEncoding = 4; lastKnownFileType = sourcecode.c.h; path = GestureComponent.h; sourceTree = "<group>"; };
		CEEA84701BEC401B000565BA /* GestureComponent.m */ = {isa = PBXFileReference; fileEncoding = 4; lastKnownFileType = sourcecode.c.objc; path = GestureComponent.m; sourceTree = "<group>"; };
		CEEA84731BEC401B000565BA /* DoubleTapEdit.h */ = {isa = PBXFileReference; fileEncoding = 4; lastKnownFileType = sourcecode.c.h; path = DoubleTapEdit.h; sourceTree = "<group>"; };
		CEEA84741BEC401B000565BA /* DoubleTapEdit.m */ = {isa = PBXFileReference; fileEncoding = 4; lastKnownFileType = sourcecode.c.objc; path = DoubleTapEdit.m; sourceTree = "<group>"; };
		CEEA84751BEC401B000565BA /* DTECellHolder.h */ = {isa = PBXFileReference; fileEncoding = 4; lastKnownFileType = sourcecode.c.h; path = DTECellHolder.h; sourceTree = "<group>"; };
		CEEA84761BEC401B000565BA /* DTECellHolder.m */ = {isa = PBXFileReference; fileEncoding = 4; lastKnownFileType = sourcecode.c.objc; path = DTECellHolder.m; sourceTree = "<group>"; };
		CEEA84771BEC401B000565BA /* DTECellHolder.xib */ = {isa = PBXFileReference; fileEncoding = 4; lastKnownFileType = file.xib; path = DTECellHolder.xib; sourceTree = "<group>"; };
		CEEA84791BEC401B000565BA /* DoubleTap.h */ = {isa = PBXFileReference; fileEncoding = 4; lastKnownFileType = sourcecode.c.h; path = DoubleTap.h; sourceTree = "<group>"; };
		CEEA847A1BEC401B000565BA /* DoubleTap.m */ = {isa = PBXFileReference; fileEncoding = 4; lastKnownFileType = sourcecode.c.objc; path = DoubleTap.m; sourceTree = "<group>"; };
		CEEA847C1BEC401B000565BA /* LongPress.h */ = {isa = PBXFileReference; fileEncoding = 4; lastKnownFileType = sourcecode.c.h; path = LongPress.h; sourceTree = "<group>"; };
		CEEA847D1BEC401B000565BA /* LongPress.m */ = {isa = PBXFileReference; fileEncoding = 4; lastKnownFileType = sourcecode.c.objc; path = LongPress.m; sourceTree = "<group>"; };
		CEEA847F1BEC401B000565BA /* LongPressMove.h */ = {isa = PBXFileReference; fileEncoding = 4; lastKnownFileType = sourcecode.c.h; path = LongPressMove.h; sourceTree = "<group>"; };
		CEEA84801BEC401B000565BA /* LongPressMove.m */ = {isa = PBXFileReference; fileEncoding = 4; lastKnownFileType = sourcecode.c.objc; path = LongPressMove.m; sourceTree = "<group>"; };
		CEEA84821BEC401B000565BA /* PanLeftRight.h */ = {isa = PBXFileReference; fileEncoding = 4; lastKnownFileType = sourcecode.c.h; path = PanLeftRight.h; sourceTree = "<group>"; };
		CEEA84831BEC401B000565BA /* PanLeftRight.m */ = {isa = PBXFileReference; fileEncoding = 4; lastKnownFileType = sourcecode.c.objc; path = PanLeftRight.m; sourceTree = "<group>"; };
		CEEA84851BEC401B000565BA /* PDANCellHolder.h */ = {isa = PBXFileReference; fileEncoding = 4; lastKnownFileType = sourcecode.c.h; path = PDANCellHolder.h; sourceTree = "<group>"; };
		CEEA84861BEC401B000565BA /* PDANCellHolder.m */ = {isa = PBXFileReference; fileEncoding = 4; lastKnownFileType = sourcecode.c.objc; path = PDANCellHolder.m; sourceTree = "<group>"; };
		CEEA84871BEC401B000565BA /* PDANCellHolder.xib */ = {isa = PBXFileReference; fileEncoding = 4; lastKnownFileType = file.xib; path = PDANCellHolder.xib; sourceTree = "<group>"; };
		CEEA84881BEC401B000565BA /* PullDownAddNew.h */ = {isa = PBXFileReference; fileEncoding = 4; lastKnownFileType = sourcecode.c.h; path = PullDownAddNew.h; sourceTree = "<group>"; };
		CEEA84891BEC401B000565BA /* PullDownAddNew.m */ = {isa = PBXFileReference; fileEncoding = 4; lastKnownFileType = sourcecode.c.objc; path = PullDownAddNew.m; sourceTree = "<group>"; };
		CEEA848B1BEC401B000565BA /* SingleTap.h */ = {isa = PBXFileReference; fileEncoding = 4; lastKnownFileType = sourcecode.c.h; path = SingleTap.h; sourceTree = "<group>"; };
		CEEA848C1BEC401B000565BA /* SingleTap.m */ = {isa = PBXFileReference; fileEncoding = 4; lastKnownFileType = sourcecode.c.objc; path = SingleTap.m; sourceTree = "<group>"; };
		CEEA848E1BEC401B000565BA /* ParentTableViewCell.h */ = {isa = PBXFileReference; fileEncoding = 4; lastKnownFileType = sourcecode.c.h; path = ParentTableViewCell.h; sourceTree = "<group>"; };
		CEEA848F1BEC401B000565BA /* ParentTableViewCell.m */ = {isa = PBXFileReference; fileEncoding = 4; lastKnownFileType = sourcecode.c.objc; path = ParentTableViewCell.m; sourceTree = "<group>"; };
		CEEA84901BEC401B000565BA /* ParentTableViewCell.xib */ = {isa = PBXFileReference; fileEncoding = 4; lastKnownFileType = file.xib; path = ParentTableViewCell.xib; sourceTree = "<group>"; };
		CEEA84911BEC401B000565BA /* ParentTableView.h */ = {isa = PBXFileReference; fileEncoding = 4; lastKnownFileType = sourcecode.c.h; path = ParentTableView.h; sourceTree = "<group>"; };
		CEEA84921BEC401B000565BA /* ParentTableView.m */ = {isa = PBXFileReference; fileEncoding = 4; lastKnownFileType = sourcecode.c.objc; path = ParentTableView.m; sourceTree = "<group>"; };
		CEEA84951BEC401B000565BA /* ChildTableViewCell.h */ = {isa = PBXFileReference; fileEncoding = 4; lastKnownFileType = sourcecode.c.h; path = ChildTableViewCell.h; sourceTree = "<group>"; };
		CEEA84961BEC401B000565BA /* ChildTableViewCell.m */ = {isa = PBXFileReference; fileEncoding = 4; lastKnownFileType = sourcecode.c.objc; path = ChildTableViewCell.m; sourceTree = "<group>"; };
		CEEA84971BEC401B000565BA /* ChildTableViewCell.xib */ = {isa = PBXFileReference; fileEncoding = 4; lastKnownFileType = file.xib; path = ChildTableViewCell.xib; sourceTree = "<group>"; };
		CEEA84981BEC401B000565BA /* SubTableViewCell.h */ = {isa = PBXFileReference; fileEncoding = 4; lastKnownFileType = sourcecode.c.h; path = SubTableViewCell.h; sourceTree = "<group>"; };
		CEEA84991BEC401B000565BA /* SubTableViewCell.m */ = {isa = PBXFileReference; fileEncoding = 4; lastKnownFileType = sourcecode.c.objc; path = SubTableViewCell.m; sourceTree = "<group>"; };
		CEEA849A1BEC401B000565BA /* SubTableViewCell.xib */ = {isa = PBXFileReference; fileEncoding = 4; lastKnownFileType = file.xib; path = SubTableViewCell.xib; sourceTree = "<group>"; };
		CEF55AEA1BE863CB0061FD50 /* CoreGraphics.framework */ = {isa = PBXFileReference; lastKnownFileType = wrapper.framework; name = CoreGraphics.framework; path = System/Library/Frameworks/CoreGraphics.framework; sourceTree = SDKROOT; };
		CEF55AEC1BE864290061FD50 /* QuartzCore.framework */ = {isa = PBXFileReference; lastKnownFileType = wrapper.framework; name = QuartzCore.framework; path = System/Library/Frameworks/QuartzCore.framework; sourceTree = SDKROOT; };
		CEF55B301BE896050061FD50 /* TaskViewController.h */ = {isa = PBXFileReference; fileEncoding = 4; lastKnownFileType = sourcecode.c.h; path = TaskViewController.h; sourceTree = "<group>"; };
		CEF55B311BE896050061FD50 /* TaskViewController.m */ = {isa = PBXFileReference; fileEncoding = 4; lastKnownFileType = sourcecode.c.objc; path = TaskViewController.m; sourceTree = "<group>"; };
		CEF55B341BE896B00061FD50 /* MZDay.h */ = {isa = PBXFileReference; fileEncoding = 4; lastKnownFileType = sourcecode.c.h; path = MZDay.h; sourceTree = "<group>"; };
		CEF55B351BE896B00061FD50 /* MZDay.m */ = {isa = PBXFileReference; fileEncoding = 4; lastKnownFileType = sourcecode.c.objc; path = MZDay.m; sourceTree = "<group>"; };
		CEF55B361BE896B00061FD50 /* MZDayPicker.h */ = {isa = PBXFileReference; fileEncoding = 4; lastKnownFileType = sourcecode.c.h; path = MZDayPicker.h; sourceTree = "<group>"; };
		CEF55B371BE896B00061FD50 /* MZDayPicker.m */ = {isa = PBXFileReference; fileEncoding = 4; lastKnownFileType = sourcecode.c.objc; path = MZDayPicker.m; sourceTree = "<group>"; };
		CEF55B381BE896B00061FD50 /* MZDayPickerCell.h */ = {isa = PBXFileReference; fileEncoding = 4; lastKnownFileType = sourcecode.c.h; path = MZDayPickerCell.h; sourceTree = "<group>"; };
		CEF55B391BE896B00061FD50 /* MZDayPickerCell.m */ = {isa = PBXFileReference; fileEncoding = 4; lastKnownFileType = sourcecode.c.objc; path = MZDayPickerCell.m; sourceTree = "<group>"; };
		CEF55B3D1BE89EFE0061FD50 /* TaskItem.h */ = {isa = PBXFileReference; fileEncoding = 4; lastKnownFileType = sourcecode.c.h; path = TaskItem.h; sourceTree = "<group>"; };
		CEF55B3E1BE89EFE0061FD50 /* TaskItem.m */ = {isa = PBXFileReference; fileEncoding = 4; lastKnownFileType = sourcecode.c.objc; path = TaskItem.m; sourceTree = "<group>"; };
		CEF55B401BE89F2A0061FD50 /* TaskCell.h */ = {isa = PBXFileReference; fileEncoding = 4; lastKnownFileType = sourcecode.c.h; path = TaskCell.h; sourceTree = "<group>"; };
		CEF55B411BE89F2A0061FD50 /* TaskCell.m */ = {isa = PBXFileReference; fileEncoding = 4; lastKnownFileType = sourcecode.c.objc; path = TaskCell.m; sourceTree = "<group>"; };
		CEF55B431BE89F770061FD50 /* TaskCell.xib */ = {isa = PBXFileReference; fileEncoding = 4; lastKnownFileType = file.xib; path = TaskCell.xib; sourceTree = "<group>"; };
		CEF55B461BE8BA2A0061FD50 /* Helper.h */ = {isa = PBXFileReference; fileEncoding = 4; lastKnownFileType = sourcecode.c.h; path = Helper.h; sourceTree = "<group>"; };
		CEF55B471BE8BA2A0061FD50 /* Helper.m */ = {isa = PBXFileReference; fileEncoding = 4; lastKnownFileType = sourcecode.c.objc; path = Helper.m; sourceTree = "<group>"; };
/* End PBXFileReference section */

/* Begin PBXFrameworksBuildPhase section */
		CEC9422B1BB0F78D0085E6D1 /* Frameworks */ = {
			isa = PBXFrameworksBuildPhase;
			buildActionMask = 2147483647;
			files = (
				CEF55AED1BE864290061FD50 /* QuartzCore.framework in Frameworks */,
				C44AE5B509AF62C60FD6A96E /* libPods-ArcToDoList.a in Frameworks */,
			);
			runOnlyForDeploymentPostprocessing = 0;
		};
		CEC942441BB0F78D0085E6D1 /* Frameworks */ = {
			isa = PBXFrameworksBuildPhase;
			buildActionMask = 2147483647;
			files = (
			);
			runOnlyForDeploymentPostprocessing = 0;
		};
/* End PBXFrameworksBuildPhase section */

/* Begin PBXGroup section */
		1CD14832F352BF5702DB8B6F /* Pods */ = {
			isa = PBXGroup;
			children = (
				77D99613F979AB47B0EDA6BD /* Pods-ArcToDoList.debug.xcconfig */,
				59422C454A690F9FA3A47030 /* Pods-ArcToDoList.release.xcconfig */,
			);
			name = Pods;
			sourceTree = "<group>";
		};
		9109BAC8A5625744EE3C1112 /* Frameworks */ = {
			isa = PBXGroup;
			children = (
				CEF55AEC1BE864290061FD50 /* QuartzCore.framework */,
				CEF55AEA1BE863CB0061FD50 /* CoreGraphics.framework */,
				AF99D740E9A48D7D462414E4 /* libPods-ArcToDoList.a */,
			);
			name = Frameworks;
			sourceTree = "<group>";
		};
		CE35A6AA1BE73ED100757A01 /* CategoryViewController */ = {
			isa = PBXGroup;
			children = (
				CE35A6AB1BE73EFE00757A01 /* CategoryViewController.h */,
				CE35A6AC1BE73EFE00757A01 /* CategoryViewController.m */,
				CE35A6B31BE743ED00757A01 /* CategoryItem.h */,
				CE35A6B41BE743ED00757A01 /* CategoryItem.m */,
				CE35A6AE1BE7422200757A01 /* CategoryCell.h */,
				CE35A6AF1BE7422200757A01 /* CategoryCell.m */,
				CE35A6B11BE7423600757A01 /* CategoryCell.xib */,
			);
			name = CategoryViewController;
			sourceTree = "<group>";
		};
		CE7D54541BB27B4E00D5DEA6 /* MainViewController */ = {
			isa = PBXGroup;
			children = (
				CE7D54551BB27B6F00D5DEA6 /* MainViewController.h */,
				CE7D54561BB27B6F00D5DEA6 /* MainViewController.m */,
			);
			name = MainViewController;
			sourceTree = "<group>";
		};
		CE7D545B1BB2A46000D5DEA6 /* CoreDataClass */ = {
			isa = PBXGroup;
			children = (
			);
			name = CoreDataClass;
			sourceTree = "<group>";
		};
		CE9DA03F1BE9A924005742D8 /* GenericCell */ = {
			isa = PBXGroup;
			children = (
				CE9DA0401BE9A94C005742D8 /* GenericCell.h */,
				CE9DA0411BE9A94C005742D8 /* GenericCell.m */,
			);
			name = GenericCell;
			sourceTree = "<group>";
		};
		CE9DA0431BE9B179005742D8 /* ThridParty */ = {
			isa = PBXGroup;
			children = (
				CEEA846D1BEC401B000565BA /* SubTable */,
				CEF55B331BE896B00061FD50 /* MZDayPicker */,
			);
			name = ThridParty;
			sourceTree = "<group>";
		};
		CEC942251BB0F78D0085E6D1 = {
			isa = PBXGroup;
			children = (
				CEC942301BB0F78D0085E6D1 /* ArcToDoList */,
				CEC9424A1BB0F78D0085E6D1 /* ArcToDoListTests */,
				CEC9422F1BB0F78D0085E6D1 /* Products */,
				1CD14832F352BF5702DB8B6F /* Pods */,
				9109BAC8A5625744EE3C1112 /* Frameworks */,
			);
			sourceTree = "<group>";
		};
		CEC9422F1BB0F78D0085E6D1 /* Products */ = {
			isa = PBXGroup;
			children = (
				CEC9422E1BB0F78D0085E6D1 /* ArcToDoList.app */,
				CEC942471BB0F78D0085E6D1 /* ArcToDoListTests.xctest */,
			);
			name = Products;
			sourceTree = "<group>";
		};
		CEC942301BB0F78D0085E6D1 /* ArcToDoList */ = {
			isa = PBXGroup;
			children = (
				CE9DA0431BE9B179005742D8 /* ThridParty */,
				CEF55B451BE8BA130061FD50 /* Helper */,
				CE7D545B1BB2A46000D5DEA6 /* CoreDataClass */,
				CEC942621BB101B50085E6D1 /* AccountManager */,
				CE7D54541BB27B4E00D5DEA6 /* MainViewController */,
				CEC942611BB101A70085E6D1 /* SinginViewController */,
				CE9DA03F1BE9A924005742D8 /* GenericCell */,
				CE35A6AA1BE73ED100757A01 /* CategoryViewController */,
				CEF55B2F1BE895C40061FD50 /* TaskViewController */,
				CEC942351BB0F78D0085E6D1 /* AppDelegate.h */,
				CEC942361BB0F78D0085E6D1 /* AppDelegate.m */,
				CEC9423B1BB0F78D0085E6D1 /* Main.storyboard */,
				CEC9423E1BB0F78D0085E6D1 /* Images.xcassets */,
				CEC942401BB0F78D0085E6D1 /* LaunchScreen.xib */,
				CEC942311BB0F78D0085E6D1 /* Supporting Files */,
			);
			path = ArcToDoList;
			sourceTree = "<group>";
		};
		CEC942311BB0F78D0085E6D1 /* Supporting Files */ = {
			isa = PBXGroup;
			children = (
				CEC942581BB0F8B80085E6D1 /* ToDoList-Prefix.pch */,
				CEC942591BB0F8B80085E6D1 /* ExtendNSLog.h */,
				CEC9425A1BB0F8B80085E6D1 /* ExtendNSLog.m */,
				CEC942571BB0F8AE0085E6D1 /* GooglePlus.h */,
				CEC942321BB0F78D0085E6D1 /* Info.plist */,
				CEC942331BB0F78D0085E6D1 /* main.m */,
				CEC9425F1BB0FFDC0085E6D1 /* ReadMe */,
				CEBB59DE1BB3A23D00FBBE6B /* ToDoListModel.xcdatamodeld */,
			);
			name = "Supporting Files";
			sourceTree = "<group>";
		};
		CEC9424A1BB0F78D0085E6D1 /* ArcToDoListTests */ = {
			isa = PBXGroup;
			children = (
				CEC9424D1BB0F78D0085E6D1 /* ArcToDoListTests.m */,
				CEC9424B1BB0F78D0085E6D1 /* Supporting Files */,
			);
			path = ArcToDoListTests;
			sourceTree = "<group>";
		};
		CEC9424B1BB0F78D0085E6D1 /* Supporting Files */ = {
			isa = PBXGroup;
			children = (
				CEC9424C1BB0F78D0085E6D1 /* Info.plist */,
			);
			name = "Supporting Files";
			sourceTree = "<group>";
		};
		CEC942611BB101A70085E6D1 /* SinginViewController */ = {
			isa = PBXGroup;
			children = (
				CEC9425C1BB0F8C60085E6D1 /* SigninViewController.h */,
				CEC9425D1BB0F8C60085E6D1 /* SigninViewController.m */,
			);
			name = SinginViewController;
			sourceTree = "<group>";
		};
		CEC942621BB101B50085E6D1 /* AccountManager */ = {
			isa = PBXGroup;
			children = (
				CEC942631BB101CA0085E6D1 /* AccountManager.h */,
				CEC942641BB101CA0085E6D1 /* AccountManager.m */,
				CEC942661BB101D80085E6D1 /* UserAccount.h */,
				CEC942671BB101D80085E6D1 /* UserAccount.m */,
				CEC942691BB10B040085E6D1 /* Google+ */,
				CEC942701BB1367F0085E6D1 /* Facebook */,
			);
			name = AccountManager;
			sourceTree = "<group>";
		};
		CEC942691BB10B040085E6D1 /* Google+ */ = {
			isa = PBXGroup;
			children = (
				CEC9426A1BB10B230085E6D1 /* GooglePlusAccount.h */,
				CEC9426B1BB10B230085E6D1 /* GooglePlusAccount.m */,
			);
			name = "Google+";
			sourceTree = "<group>";
		};
		CEC942701BB1367F0085E6D1 /* Facebook */ = {
			isa = PBXGroup;
			children = (
				CEC942711BB136BD0085E6D1 /* FacebookAccount.h */,
				CEC942721BB136BD0085E6D1 /* FacebookAccount.m */,
			);
			name = Facebook;
			sourceTree = "<group>";
		};
		CEEA846D1BEC401B000565BA /* SubTable */ = {
			isa = PBXGroup;
			children = (
				CEEA846E1BEC401B000565BA /* GestureComponent */,
				CEEA84711BEC401B000565BA /* Gestures */,
				CEEA848D1BEC401B000565BA /* ParentCell */,
				CEEA84911BEC401B000565BA /* ParentTableView.h */,
				CEEA84921BEC401B000565BA /* ParentTableView.m */,
				CEEA84931BEC401B000565BA /* SubCell */,
			);
			path = SubTable;
			sourceTree = "<group>";
		};
		CEEA846E1BEC401B000565BA /* GestureComponent */ = {
			isa = PBXGroup;
			children = (
				CEEA846F1BEC401B000565BA /* GestureComponent.h */,
				CEEA84701BEC401B000565BA /* GestureComponent.m */,
			);
			path = GestureComponent;
			sourceTree = "<group>";
		};
		CEEA84711BEC401B000565BA /* Gestures */ = {
			isa = PBXGroup;
			children = (
				CEEA84721BEC401B000565BA /* DoubleTapEdit */,
				CEEA84781BEC401B000565BA /* DoublTap */,
				CEEA847B1BEC401B000565BA /* LongPress */,
				CEEA847E1BEC401B000565BA /* LongPressMove */,
				CEEA84811BEC401B000565BA /* PanLeftRight */,
				CEEA84841BEC401B000565BA /* PullDownAddNew */,
				CEEA848A1BEC401B000565BA /* SingleTap */,
			);
			path = Gestures;
			sourceTree = "<group>";
		};
		CEEA84721BEC401B000565BA /* DoubleTapEdit */ = {
			isa = PBXGroup;
			children = (
				CEEA84731BEC401B000565BA /* DoubleTapEdit.h */,
				CEEA84741BEC401B000565BA /* DoubleTapEdit.m */,
				CEEA84751BEC401B000565BA /* DTECellHolder.h */,
				CEEA84761BEC401B000565BA /* DTECellHolder.m */,
				CEEA84771BEC401B000565BA /* DTECellHolder.xib */,
			);
			path = DoubleTapEdit;
			sourceTree = "<group>";
		};
		CEEA84781BEC401B000565BA /* DoublTap */ = {
			isa = PBXGroup;
			children = (
				CEEA84791BEC401B000565BA /* DoubleTap.h */,
				CEEA847A1BEC401B000565BA /* DoubleTap.m */,
			);
			path = DoublTap;
			sourceTree = "<group>";
		};
		CEEA847B1BEC401B000565BA /* LongPress */ = {
			isa = PBXGroup;
			children = (
				CEEA847C1BEC401B000565BA /* LongPress.h */,
				CEEA847D1BEC401B000565BA /* LongPress.m */,
			);
			path = LongPress;
			sourceTree = "<group>";
		};
		CEEA847E1BEC401B000565BA /* LongPressMove */ = {
			isa = PBXGroup;
			children = (
				CEEA847F1BEC401B000565BA /* LongPressMove.h */,
				CEEA84801BEC401B000565BA /* LongPressMove.m */,
			);
			path = LongPressMove;
			sourceTree = "<group>";
		};
		CEEA84811BEC401B000565BA /* PanLeftRight */ = {
			isa = PBXGroup;
			children = (
				CEEA84821BEC401B000565BA /* PanLeftRight.h */,
				CEEA84831BEC401B000565BA /* PanLeftRight.m */,
			);
			path = PanLeftRight;
			sourceTree = "<group>";
		};
		CEEA84841BEC401B000565BA /* PullDownAddNew */ = {
			isa = PBXGroup;
			children = (
				CEEA84851BEC401B000565BA /* PDANCellHolder.h */,
				CEEA84861BEC401B000565BA /* PDANCellHolder.m */,
				CEEA84871BEC401B000565BA /* PDANCellHolder.xib */,
				CEEA84881BEC401B000565BA /* PullDownAddNew.h */,
				CEEA84891BEC401B000565BA /* PullDownAddNew.m */,
			);
			path = PullDownAddNew;
			sourceTree = "<group>";
		};
		CEEA848A1BEC401B000565BA /* SingleTap */ = {
			isa = PBXGroup;
			children = (
				CEEA848B1BEC401B000565BA /* SingleTap.h */,
				CEEA848C1BEC401B000565BA /* SingleTap.m */,
			);
			path = SingleTap;
			sourceTree = "<group>";
		};
		CEEA848D1BEC401B000565BA /* ParentCell */ = {
			isa = PBXGroup;
			children = (
				CEEA848E1BEC401B000565BA /* ParentTableViewCell.h */,
				CEEA848F1BEC401B000565BA /* ParentTableViewCell.m */,
				CEEA84901BEC401B000565BA /* ParentTableViewCell.xib */,
			);
			path = ParentCell;
			sourceTree = "<group>";
		};
		CEEA84931BEC401B000565BA /* SubCell */ = {
			isa = PBXGroup;
			children = (
				CEEA84941BEC401B000565BA /* ChildCell */,
				CEEA84981BEC401B000565BA /* SubTableViewCell.h */,
				CEEA84991BEC401B000565BA /* SubTableViewCell.m */,
				CEEA849A1BEC401B000565BA /* SubTableViewCell.xib */,
			);
			path = SubCell;
			sourceTree = "<group>";
		};
		CEEA84941BEC401B000565BA /* ChildCell */ = {
			isa = PBXGroup;
			children = (
				CEEA84951BEC401B000565BA /* ChildTableViewCell.h */,
				CEEA84961BEC401B000565BA /* ChildTableViewCell.m */,
				CEEA84971BEC401B000565BA /* ChildTableViewCell.xib */,
			);
			path = ChildCell;
			sourceTree = "<group>";
		};
		CEF55B2F1BE895C40061FD50 /* TaskViewController */ = {
			isa = PBXGroup;
			children = (
				CEF55B301BE896050061FD50 /* TaskViewController.h */,
				CEF55B311BE896050061FD50 /* TaskViewController.m */,
				CEF55B3D1BE89EFE0061FD50 /* TaskItem.h */,
				CEF55B3E1BE89EFE0061FD50 /* TaskItem.m */,
				CEF55B401BE89F2A0061FD50 /* TaskCell.h */,
				CEF55B411BE89F2A0061FD50 /* TaskCell.m */,
				CEF55B431BE89F770061FD50 /* TaskCell.xib */,
				CE9DA0491BE9B4BF005742D8 /* SubTaskCell.h */,
				CE9DA04A1BE9B4BF005742D8 /* SubTaskCell.m */,
				CE9DA04C1BE9B4D1005742D8 /* SubTaskCell.xib */,
			);
			name = TaskViewController;
			sourceTree = "<group>";
		};
		CEF55B331BE896B00061FD50 /* MZDayPicker */ = {
			isa = PBXGroup;
			children = (
				CEF55B341BE896B00061FD50 /* MZDay.h */,
				CEF55B351BE896B00061FD50 /* MZDay.m */,
				CEF55B361BE896B00061FD50 /* MZDayPicker.h */,
				CEF55B371BE896B00061FD50 /* MZDayPicker.m */,
				CEF55B381BE896B00061FD50 /* MZDayPickerCell.h */,
				CEF55B391BE896B00061FD50 /* MZDayPickerCell.m */,
			);
			path = MZDayPicker;
			sourceTree = "<group>";
		};
		CEF55B451BE8BA130061FD50 /* Helper */ = {
			isa = PBXGroup;
			children = (
				CEF55B461BE8BA2A0061FD50 /* Helper.h */,
				CEF55B471BE8BA2A0061FD50 /* Helper.m */,
			);
			name = Helper;
			sourceTree = "<group>";
		};
/* End PBXGroup section */

/* Begin PBXNativeTarget section */
		CEC9422D1BB0F78D0085E6D1 /* ArcToDoList */ = {
			isa = PBXNativeTarget;
			buildConfigurationList = CEC942511BB0F78D0085E6D1 /* Build configuration list for PBXNativeTarget "ArcToDoList" */;
			buildPhases = (
				848A5DCDABD50752FBF603AA /* Check Pods Manifest.lock */,
				CEC9422A1BB0F78D0085E6D1 /* Sources */,
				CEC9422B1BB0F78D0085E6D1 /* Frameworks */,
				CEC9422C1BB0F78D0085E6D1 /* Resources */,
				A5BA20216B2B8AB4D4CF82DF /* Copy Pods Resources */,
			);
			buildRules = (
			);
			dependencies = (
			);
			name = ArcToDoList;
			productName = ArcToDoList;
			productReference = CEC9422E1BB0F78D0085E6D1 /* ArcToDoList.app */;
			productType = "com.apple.product-type.application";
		};
		CEC942461BB0F78D0085E6D1 /* ArcToDoListTests */ = {
			isa = PBXNativeTarget;
			buildConfigurationList = CEC942541BB0F78D0085E6D1 /* Build configuration list for PBXNativeTarget "ArcToDoListTests" */;
			buildPhases = (
				CEC942431BB0F78D0085E6D1 /* Sources */,
				CEC942441BB0F78D0085E6D1 /* Frameworks */,
				CEC942451BB0F78D0085E6D1 /* Resources */,
			);
			buildRules = (
			);
			dependencies = (
				CEC942491BB0F78D0085E6D1 /* PBXTargetDependency */,
			);
			name = ArcToDoListTests;
			productName = ArcToDoListTests;
			productReference = CEC942471BB0F78D0085E6D1 /* ArcToDoListTests.xctest */;
			productType = "com.apple.product-type.bundle.unit-test";
		};
/* End PBXNativeTarget section */

/* Begin PBXProject section */
		CEC942261BB0F78D0085E6D1 /* Project object */ = {
			isa = PBXProject;
			attributes = {
				LastUpgradeCheck = 0700;
				ORGANIZATIONNAME = ArcTech;
				TargetAttributes = {
					CEC9422D1BB0F78D0085E6D1 = {
						CreatedOnToolsVersion = 6.4;
					};
					CEC942461BB0F78D0085E6D1 = {
						CreatedOnToolsVersion = 6.4;
						TestTargetID = CEC9422D1BB0F78D0085E6D1;
					};
				};
			};
			buildConfigurationList = CEC942291BB0F78D0085E6D1 /* Build configuration list for PBXProject "ArcToDoList" */;
			compatibilityVersion = "Xcode 3.2";
			developmentRegion = English;
			hasScannedForEncodings = 0;
			knownRegions = (
				en,
				Base,
			);
			mainGroup = CEC942251BB0F78D0085E6D1;
			productRefGroup = CEC9422F1BB0F78D0085E6D1 /* Products */;
			projectDirPath = "";
			projectRoot = "";
			targets = (
				CEC9422D1BB0F78D0085E6D1 /* ArcToDoList */,
				CEC942461BB0F78D0085E6D1 /* ArcToDoListTests */,
			);
		};
/* End PBXProject section */

/* Begin PBXResourcesBuildPhase section */
		CEC9422C1BB0F78D0085E6D1 /* Resources */ = {
			isa = PBXResourcesBuildPhase;
			buildActionMask = 2147483647;
			files = (
				CE9DA04D1BE9B4D1005742D8 /* SubTaskCell.xib in Resources */,
				CEEA84AB1BEC401B000565BA /* ChildTableViewCell.xib in Resources */,
				CEC942601BB0FFDC0085E6D1 /* ReadMe in Resources */,
				CEF55B441BE89F770061FD50 /* TaskCell.xib in Resources */,
				CEEA84A81BEC401B000565BA /* ParentTableViewCell.xib in Resources */,
				CEC9423D1BB0F78D0085E6D1 /* Main.storyboard in Resources */,
				CEEA84AD1BEC401B000565BA /* SubTableViewCell.xib in Resources */,
				CEC942421BB0F78D0085E6D1 /* LaunchScreen.xib in Resources */,
				CEEA84A41BEC401B000565BA /* PDANCellHolder.xib in Resources */,
				CEEA849E1BEC401B000565BA /* DTECellHolder.xib in Resources */,
				CE35A6B21BE7423600757A01 /* CategoryCell.xib in Resources */,
				CEC9423F1BB0F78D0085E6D1 /* Images.xcassets in Resources */,
			);
			runOnlyForDeploymentPostprocessing = 0;
		};
		CEC942451BB0F78D0085E6D1 /* Resources */ = {
			isa = PBXResourcesBuildPhase;
			buildActionMask = 2147483647;
			files = (
			);
			runOnlyForDeploymentPostprocessing = 0;
		};
/* End PBXResourcesBuildPhase section */

/* Begin PBXShellScriptBuildPhase section */
		848A5DCDABD50752FBF603AA /* Check Pods Manifest.lock */ = {
			isa = PBXShellScriptBuildPhase;
			buildActionMask = 2147483647;
			files = (
			);
			inputPaths = (
			);
			name = "Check Pods Manifest.lock";
			outputPaths = (
			);
			runOnlyForDeploymentPostprocessing = 0;
			shellPath = /bin/sh;
			shellScript = "diff \"${PODS_ROOT}/../Podfile.lock\" \"${PODS_ROOT}/Manifest.lock\" > /dev/null\nif [[ $? != 0 ]] ; then\n    cat << EOM\nerror: The sandbox is not in sync with the Podfile.lock. Run 'pod install' or update your CocoaPods installation.\nEOM\n    exit 1\nfi\n";
			showEnvVarsInLog = 0;
		};
		A5BA20216B2B8AB4D4CF82DF /* Copy Pods Resources */ = {
			isa = PBXShellScriptBuildPhase;
			buildActionMask = 2147483647;
			files = (
			);
			inputPaths = (
			);
			name = "Copy Pods Resources";
			outputPaths = (
			);
			runOnlyForDeploymentPostprocessing = 0;
			shellPath = /bin/sh;
			shellScript = "\"${SRCROOT}/Pods/Target Support Files/Pods-ArcToDoList/Pods-ArcToDoList-resources.sh\"\n";
			showEnvVarsInLog = 0;
		};
/* End PBXShellScriptBuildPhase section */

/* Begin PBXSourcesBuildPhase section */
		CEC9422A1BB0F78D0085E6D1 /* Sources */ = {
			isa = PBXSourcesBuildPhase;
			buildActionMask = 2147483647;
			files = (
				CEEA849C1BEC401B000565BA /* DoubleTapEdit.m in Sources */,
				CEF55B3A1BE896B00061FD50 /* MZDay.m in Sources */,
				CEEA84AC1BEC401B000565BA /* SubTableViewCell.m in Sources */,
				CEEA84A31BEC401B000565BA /* PDANCellHolder.m in Sources */,
				CEEA84A11BEC401B000565BA /* LongPressMove.m in Sources */,
				CEEA84A51BEC401B000565BA /* PullDownAddNew.m in Sources */,
				CEF55B481BE8BA2A0061FD50 /* Helper.m in Sources */,
				CE9DA0421BE9A94C005742D8 /* GenericCell.m in Sources */,
				CEEA849F1BEC401B000565BA /* DoubleTap.m in Sources */,
				CEEA84AA1BEC401B000565BA /* ChildTableViewCell.m in Sources */,
				CEC942371BB0F78D0085E6D1 /* AppDelegate.m in Sources */,
				CE35A6B01BE7422200757A01 /* CategoryCell.m in Sources */,
				CE9DA04B1BE9B4BF005742D8 /* SubTaskCell.m in Sources */,
				CEC9426C1BB10B230085E6D1 /* GooglePlusAccount.m in Sources */,
				CEEA84A71BEC401B000565BA /* ParentTableViewCell.m in Sources */,
				CE35A6B51BE743ED00757A01 /* CategoryItem.m in Sources */,
				CEEA84A61BEC401B000565BA /* SingleTap.m in Sources */,
				CEEA84A21BEC401B000565BA /* PanLeftRight.m in Sources */,
				CEEA849B1BEC401B000565BA /* GestureComponent.m in Sources */,
				CEC942731BB136BD0085E6D1 /* FacebookAccount.m in Sources */,
				CE7D54571BB27B6F00D5DEA6 /* MainViewController.m in Sources */,
				CEEA849D1BEC401B000565BA /* DTECellHolder.m in Sources */,
				CEC942651BB101CA0085E6D1 /* AccountManager.m in Sources */,
				CEEA84A01BEC401B000565BA /* LongPress.m in Sources */,
				CEF55B3C1BE896B00061FD50 /* MZDayPickerCell.m in Sources */,
				CEEA84A91BEC401B000565BA /* ParentTableView.m in Sources */,
				CEC942341BB0F78D0085E6D1 /* main.m in Sources */,
				CEBB59E01BB3A23D00FBBE6B /* ToDoListModel.xcdatamodeld in Sources */,
				CEF55B421BE89F2A0061FD50 /* TaskCell.m in Sources */,
				CEF55B3F1BE89EFE0061FD50 /* TaskItem.m in Sources */,
				CEC9425E1BB0F8C60085E6D1 /* SigninViewController.m in Sources */,
				CEC942681BB101D80085E6D1 /* UserAccount.m in Sources */,
				CE35A6AD1BE73EFE00757A01 /* CategoryViewController.m in Sources */,
				CEC9425B1BB0F8B80085E6D1 /* ExtendNSLog.m in Sources */,
				CEF55B3B1BE896B00061FD50 /* MZDayPicker.m in Sources */,
				CEF55B321BE896050061FD50 /* TaskViewController.m in Sources */,
			);
			runOnlyForDeploymentPostprocessing = 0;
		};
		CEC942431BB0F78D0085E6D1 /* Sources */ = {
			isa = PBXSourcesBuildPhase;
			buildActionMask = 2147483647;
			files = (
				CEC9424E1BB0F78D0085E6D1 /* ArcToDoListTests.m in Sources */,
			);
			runOnlyForDeploymentPostprocessing = 0;
		};
/* End PBXSourcesBuildPhase section */

/* Begin PBXTargetDependency section */
		CEC942491BB0F78D0085E6D1 /* PBXTargetDependency */ = {
			isa = PBXTargetDependency;
			target = CEC9422D1BB0F78D0085E6D1 /* ArcToDoList */;
			targetProxy = CEC942481BB0F78D0085E6D1 /* PBXContainerItemProxy */;
		};
/* End PBXTargetDependency section */

/* Begin PBXVariantGroup section */
		CEC9423B1BB0F78D0085E6D1 /* Main.storyboard */ = {
			isa = PBXVariantGroup;
			children = (
				CEC9423C1BB0F78D0085E6D1 /* Base */,
			);
			name = Main.storyboard;
			sourceTree = "<group>";
		};
		CEC942401BB0F78D0085E6D1 /* LaunchScreen.xib */ = {
			isa = PBXVariantGroup;
			children = (
				CEC942411BB0F78D0085E6D1 /* Base */,
			);
			name = LaunchScreen.xib;
			sourceTree = "<group>";
		};
/* End PBXVariantGroup section */

/* Begin XCBuildConfiguration section */
		CEC9424F1BB0F78D0085E6D1 /* Debug */ = {
			isa = XCBuildConfiguration;
			buildSettings = {
				ALWAYS_SEARCH_USER_PATHS = NO;
				CLANG_CXX_LANGUAGE_STANDARD = "gnu++0x";
				CLANG_CXX_LIBRARY = "libc++";
				CLANG_ENABLE_MODULES = YES;
				CLANG_ENABLE_OBJC_ARC = YES;
				CLANG_WARN_BOOL_CONVERSION = YES;
				CLANG_WARN_CONSTANT_CONVERSION = YES;
				CLANG_WARN_DIRECT_OBJC_ISA_USAGE = YES_ERROR;
				CLANG_WARN_EMPTY_BODY = YES;
				CLANG_WARN_ENUM_CONVERSION = YES;
				CLANG_WARN_INT_CONVERSION = YES;
				CLANG_WARN_OBJC_ROOT_CLASS = YES_ERROR;
				CLANG_WARN_UNREACHABLE_CODE = YES;
				CLANG_WARN__DUPLICATE_METHOD_MATCH = YES;
				"CODE_SIGN_IDENTITY[sdk=iphoneos*]" = "iPhone Developer";
				COPY_PHASE_STRIP = NO;
				DEBUG_INFORMATION_FORMAT = "dwarf-with-dsym";
				ENABLE_STRICT_OBJC_MSGSEND = YES;
				ENABLE_TESTABILITY = YES;
				GCC_C_LANGUAGE_STANDARD = gnu99;
				GCC_DYNAMIC_NO_PIC = NO;
				GCC_NO_COMMON_BLOCKS = YES;
				GCC_OPTIMIZATION_LEVEL = 0;
				GCC_PREPROCESSOR_DEFINITIONS = (
					"DEBUG=1",
					"$(inherited)",
				);
				GCC_SYMBOLS_PRIVATE_EXTERN = NO;
				GCC_WARN_64_TO_32_BIT_CONVERSION = YES;
				GCC_WARN_ABOUT_RETURN_TYPE = YES_ERROR;
				GCC_WARN_UNDECLARED_SELECTOR = YES;
				GCC_WARN_UNINITIALIZED_AUTOS = YES_AGGRESSIVE;
				GCC_WARN_UNUSED_FUNCTION = YES;
				GCC_WARN_UNUSED_VARIABLE = YES;
				IPHONEOS_DEPLOYMENT_TARGET = 8.4;
				MTL_ENABLE_DEBUG_INFO = YES;
				ONLY_ACTIVE_ARCH = YES;
				SDKROOT = iphoneos;
				TARGETED_DEVICE_FAMILY = "1,2";
			};
			name = Debug;
		};
		CEC942501BB0F78D0085E6D1 /* Release */ = {
			isa = XCBuildConfiguration;
			buildSettings = {
				ALWAYS_SEARCH_USER_PATHS = NO;
				CLANG_CXX_LANGUAGE_STANDARD = "gnu++0x";
				CLANG_CXX_LIBRARY = "libc++";
				CLANG_ENABLE_MODULES = YES;
				CLANG_ENABLE_OBJC_ARC = YES;
				CLANG_WARN_BOOL_CONVERSION = YES;
				CLANG_WARN_CONSTANT_CONVERSION = YES;
				CLANG_WARN_DIRECT_OBJC_ISA_USAGE = YES_ERROR;
				CLANG_WARN_EMPTY_BODY = YES;
				CLANG_WARN_ENUM_CONVERSION = YES;
				CLANG_WARN_INT_CONVERSION = YES;
				CLANG_WARN_OBJC_ROOT_CLASS = YES_ERROR;
				CLANG_WARN_UNREACHABLE_CODE = YES;
				CLANG_WARN__DUPLICATE_METHOD_MATCH = YES;
				"CODE_SIGN_IDENTITY[sdk=iphoneos*]" = "iPhone Developer";
				COPY_PHASE_STRIP = NO;
				DEBUG_INFORMATION_FORMAT = "dwarf-with-dsym";
				ENABLE_NS_ASSERTIONS = NO;
				ENABLE_STRICT_OBJC_MSGSEND = YES;
				GCC_C_LANGUAGE_STANDARD = gnu99;
				GCC_NO_COMMON_BLOCKS = YES;
				GCC_WARN_64_TO_32_BIT_CONVERSION = YES;
				GCC_WARN_ABOUT_RETURN_TYPE = YES_ERROR;
				GCC_WARN_UNDECLARED_SELECTOR = YES;
				GCC_WARN_UNINITIALIZED_AUTOS = YES_AGGRESSIVE;
				GCC_WARN_UNUSED_FUNCTION = YES;
				GCC_WARN_UNUSED_VARIABLE = YES;
				IPHONEOS_DEPLOYMENT_TARGET = 8.4;
				MTL_ENABLE_DEBUG_INFO = NO;
				SDKROOT = iphoneos;
				TARGETED_DEVICE_FAMILY = "1,2";
				VALIDATE_PRODUCT = YES;
			};
			name = Release;
		};
		CEC942521BB0F78D0085E6D1 /* Debug */ = {
			isa = XCBuildConfiguration;
			baseConfigurationReference = 77D99613F979AB47B0EDA6BD /* Pods-ArcToDoList.debug.xcconfig */;
			buildSettings = {
				ASSETCATALOG_COMPILER_APPICON_NAME = AppIcon;
				ENABLE_BITCODE = NO;
				GCC_PREFIX_HEADER = "ArcToDoList/ToDoList-Prefix.pch";
				INFOPLIST_FILE = ArcToDoList/Info.plist;
				IPHONEOS_DEPLOYMENT_TARGET = 7.0;
				LD_RUNPATH_SEARCH_PATHS = "$(inherited) @executable_path/Frameworks";
				PRODUCT_BUNDLE_IDENTIFIER = "ArcTech.$(PRODUCT_NAME:rfc1034identifier)";
				PRODUCT_NAME = "$(TARGET_NAME)";
			};
			name = Debug;
		};
		CEC942531BB0F78D0085E6D1 /* Release */ = {
			isa = XCBuildConfiguration;
			baseConfigurationReference = 59422C454A690F9FA3A47030 /* Pods-ArcToDoList.release.xcconfig */;
			buildSettings = {
				ASSETCATALOG_COMPILER_APPICON_NAME = AppIcon;
				ENABLE_BITCODE = NO;
				GCC_PREFIX_HEADER = "ArcToDoList/ToDoList-Prefix.pch";
				INFOPLIST_FILE = ArcToDoList/Info.plist;
				IPHONEOS_DEPLOYMENT_TARGET = 7.0;
				LD_RUNPATH_SEARCH_PATHS = "$(inherited) @executable_path/Frameworks";
				PRODUCT_BUNDLE_IDENTIFIER = "ArcTech.$(PRODUCT_NAME:rfc1034identifier)";
				PRODUCT_NAME = "$(TARGET_NAME)";
			};
			name = Release;
		};
		CEC942551BB0F78D0085E6D1 /* Debug */ = {
			isa = XCBuildConfiguration;
			buildSettings = {
				BUNDLE_LOADER = "$(TEST_HOST)";
				FRAMEWORK_SEARCH_PATHS = (
					"$(SDKROOT)/Developer/Library/Frameworks",
					"$(inherited)",
				);
				GCC_PREPROCESSOR_DEFINITIONS = (
					"DEBUG=1",
					"$(inherited)",
				);
				INFOPLIST_FILE = ArcToDoListTests/Info.plist;
				LD_RUNPATH_SEARCH_PATHS = "$(inherited) @executable_path/Frameworks @loader_path/Frameworks";
				PRODUCT_BUNDLE_IDENTIFIER = "ArcTech.$(PRODUCT_NAME:rfc1034identifier)";
				PRODUCT_NAME = "$(TARGET_NAME)";
				TEST_HOST = "$(BUILT_PRODUCTS_DIR)/ArcToDoList.app/ArcToDoList";
			};
			name = Debug;
		};
		CEC942561BB0F78D0085E6D1 /* Release */ = {
			isa = XCBuildConfiguration;
			buildSettings = {
				BUNDLE_LOADER = "$(TEST_HOST)";
				FRAMEWORK_SEARCH_PATHS = (
					"$(SDKROOT)/Developer/Library/Frameworks",
					"$(inherited)",
				);
				INFOPLIST_FILE = ArcToDoListTests/Info.plist;
				LD_RUNPATH_SEARCH_PATHS = "$(inherited) @executable_path/Frameworks @loader_path/Frameworks";
				PRODUCT_BUNDLE_IDENTIFIER = "ArcTech.$(PRODUCT_NAME:rfc1034identifier)";
				PRODUCT_NAME = "$(TARGET_NAME)";
				TEST_HOST = "$(BUILT_PRODUCTS_DIR)/ArcToDoList.app/ArcToDoList";
			};
			name = Release;
		};
/* End XCBuildConfiguration section */

/* Begin XCConfigurationList section */
		CEC942291BB0F78D0085E6D1 /* Build configuration list for PBXProject "ArcToDoList" */ = {
			isa = XCConfigurationList;
			buildConfigurations = (
				CEC9424F1BB0F78D0085E6D1 /* Debug */,
				CEC942501BB0F78D0085E6D1 /* Release */,
			);
			defaultConfigurationIsVisible = 0;
			defaultConfigurationName = Release;
		};
		CEC942511BB0F78D0085E6D1 /* Build configuration list for PBXNativeTarget "ArcToDoList" */ = {
			isa = XCConfigurationList;
			buildConfigurations = (
				CEC942521BB0F78D0085E6D1 /* Debug */,
				CEC942531BB0F78D0085E6D1 /* Release */,
			);
			defaultConfigurationIsVisible = 0;
			defaultConfigurationName = Release;
		};
		CEC942541BB0F78D0085E6D1 /* Build configuration list for PBXNativeTarget "ArcToDoListTests" */ = {
			isa = XCConfigurationList;
			buildConfigurations = (
				CEC942551BB0F78D0085E6D1 /* Debug */,
				CEC942561BB0F78D0085E6D1 /* Release */,
			);
			defaultConfigurationIsVisible = 0;
			defaultConfigurationName = Release;
		};
/* End XCConfigurationList section */

/* Begin XCVersionGroup section */
		CEBB59DE1BB3A23D00FBBE6B /* ToDoListModel.xcdatamodeld */ = {
			isa = XCVersionGroup;
			children = (
				CEBB59DF1BB3A23D00FBBE6B /* ToDoListModel.xcdatamodel */,
			);
			currentVersion = CEBB59DF1BB3A23D00FBBE6B /* ToDoListModel.xcdatamodel */;
			path = ToDoListModel.xcdatamodeld;
			sourceTree = "<group>";
			versionGroupType = wrapper.xcdatamodel;
		};
/* End XCVersionGroup section */
	};
	rootObject = CEC942261BB0F78D0085E6D1 /* Project object */;
}
